{
  "pins" : [
    {
      "identity" : "realm-core",
      "kind" : "remoteSourceControl",
      "location" : "https://github.com/realm/realm-core.git",
      "state" : {
        "revision" : "4d815c6e6883bfdcb67cf755d0f0f29a4b399ea7",
        "version" : "14.5.2"
      }
    },
    {
      "identity" : "realm-swift",
      "kind" : "remoteSourceControl",
      "location" : "https://github.com/realm/realm-swift.git",
      "state" : {
        "revision" : "abbe849262c165dbd33b2d1c15c0f04783eb3311",
        "version" : "10.49.3"
      }
    },
    {
      "identity" : "snapkit?tab=readme-ov-file",
      "kind" : "remoteSourceControl",
      "location" : "https://github.com/SnapKit/SnapKit?tab=readme-ov-file",
      "state" : {
        "revision" : "2842e6e84e82eb9a8dac0100ca90d9444b0307f4",
        "version" : "5.7.1"
      }
    }
  ],
  "version" : 2
}
