// !$*UTF8*$!
{
	archiveVersion = 1;
	classes = {
	};
	objectVersion = 56;
	objects = {

/* Begin PBXBuildFile section */
		E501E5E52C35CB1C006A06D9 /* FriendsViewController.swift in Sources */ = {isa = PBXBuildFile; fileRef = E501E5E42C35CB1C006A06D9 /* FriendsViewController.swift */; };
		E501E5E72C35CDD5006A06D9 /* FriendViewController.swift in Sources */ = {isa = PBXBuildFile; fileRef = E501E5E62C35CDD5006A06D9 /* FriendViewController.swift */; };
		E51194162C73B92B002CE686 /* Roboto-Regular.ttf in Resources */ = {isa = PBXBuildFile; fileRef = E5141B352C73B7BD008B8E4A /* Roboto-Regular.ttf */; };
		E51194172C73B92B002CE686 /* Roboto-BoldItalic.ttf in Resources */ = {isa = PBXBuildFile; fileRef = E5141B362C73B7BD008B8E4A /* Roboto-BoldItalic.ttf */; };
		E51194182C73B92B002CE686 /* Roboto-Light.ttf in Resources */ = {isa = PBXBuildFile; fileRef = E5141B302C73B7BD008B8E4A /* Roboto-Light.ttf */; };
		E51194192C73B92B002CE686 /* Roboto-Medium.ttf in Resources */ = {isa = PBXBuildFile; fileRef = E5141B2D2C73B7BD008B8E4A /* Roboto-Medium.ttf */; };
		E511941A2C73B92B002CE686 /* Roboto-Thin.ttf in Resources */ = {isa = PBXBuildFile; fileRef = E5141B322C73B7BD008B8E4A /* Roboto-Thin.ttf */; };
		E511941B2C73B92B002CE686 /* Roboto-LightItalic.ttf in Resources */ = {isa = PBXBuildFile; fileRef = E5141B312C73B7BD008B8E4A /* Roboto-LightItalic.ttf */; };
		E511941C2C73B92B002CE686 /* Roboto-Bold.ttf in Resources */ = {isa = PBXBuildFile; fileRef = E5141B2C2C73B7BD008B8E4A /* Roboto-Bold.ttf */; };
		E511941D2C73B92B002CE686 /* Roboto-Black.ttf in Resources */ = {isa = PBXBuildFile; fileRef = E5141B332C73B7BD008B8E4A /* Roboto-Black.ttf */; };
		E511941E2C73B92B002CE686 /* Roboto-MediumItalic.ttf in Resources */ = {isa = PBXBuildFile; fileRef = E5141B342C73B7BD008B8E4A /* Roboto-MediumItalic.ttf */; };
		E511941F2C73B92B002CE686 /* Roboto-BlackItalic.ttf in Resources */ = {isa = PBXBuildFile; fileRef = E5141B372C73B7BD008B8E4A /* Roboto-BlackItalic.ttf */; };
		E51194202C73B92B002CE686 /* Roboto-Italic.ttf in Resources */ = {isa = PBXBuildFile; fileRef = E5141B2F2C73B7BD008B8E4A /* Roboto-Italic.ttf */; };
		E51194212C73B92B002CE686 /* Roboto-ThinItalic.ttf in Resources */ = {isa = PBXBuildFile; fileRef = E5141B2E2C73B7BD008B8E4A /* Roboto-ThinItalic.ttf */; };
		E51194232C73BB7D002CE686 /* CustomFonts.swift in Sources */ = {isa = PBXBuildFile; fileRef = E51194222C73BB7D002CE686 /* CustomFonts.swift */; };
		E5141B2A2C73ACD9008B8E4A /* AttributedStringViewController.swift in Sources */ = {isa = PBXBuildFile; fileRef = E5141B292C73ACD9008B8E4A /* AttributedStringViewController.swift */; };
		E52DAF0E2C3C6C3400D3AAAC /* StatusEditViewController.swift in Sources */ = {isa = PBXBuildFile; fileRef = E52DAF0D2C3C6C3400D3AAAC /* StatusEditViewController.swift */; };
		E52DAF122C3EF0F500D3AAAC /* FriendsTableViewController.swift in Sources */ = {isa = PBXBuildFile; fileRef = E52DAF112C3EF0F500D3AAAC /* FriendsTableViewController.swift */; };
		E5438FD12C6D32DE0018BB2E /* Alghorithms.swift in Sources */ = {isa = PBXBuildFile; fileRef = E5438FD02C6D32DE0018BB2E /* Alghorithms.swift */; };
		E58922892C33096D00DAC182 /* AppDelegate.swift in Sources */ = {isa = PBXBuildFile; fileRef = E58922882C33096D00DAC182 /* AppDelegate.swift */; };
		E589228B2C33096D00DAC182 /* SceneDelegate.swift in Sources */ = {isa = PBXBuildFile; fileRef = E589228A2C33096D00DAC182 /* SceneDelegate.swift */; };
		E589228D2C33096D00DAC182 /* ViewController.swift in Sources */ = {isa = PBXBuildFile; fileRef = E589228C2C33096D00DAC182 /* ViewController.swift */; };
		E58922922C33096E00DAC182 /* Assets.xcassets in Resources */ = {isa = PBXBuildFile; fileRef = E58922912C33096E00DAC182 /* Assets.xcassets */; };
		E58922952C33096E00DAC182 /* LaunchScreen.storyboard in Resources */ = {isa = PBXBuildFile; fileRef = E58922932C33096E00DAC182 /* LaunchScreen.storyboard */; };
		E589229D2C3311F500DAC182 /* UserMenuViewController.swift in Sources */ = {isa = PBXBuildFile; fileRef = E589229C2C3311F500DAC182 /* UserMenuViewController.swift */; };
		E589229F2C3316EC00DAC182 /* LoginFlowStoryboard.storyboard in Resources */ = {isa = PBXBuildFile; fileRef = E589229E2C3316EC00DAC182 /* LoginFlowStoryboard.storyboard */; };
		E58922A12C3322D200DAC182 /* AuthViewController.swift in Sources */ = {isa = PBXBuildFile; fileRef = E58922A02C3322D200DAC182 /* AuthViewController.swift */; };
		E58922A32C3322E100DAC182 /* GuestViewController.swift in Sources */ = {isa = PBXBuildFile; fileRef = E58922A22C3322E100DAC182 /* GuestViewController.swift */; };
		E58BD7772C5A9EE70043C1B5 /* GestureViewController.swift in Sources */ = {isa = PBXBuildFile; fileRef = E58BD7762C5A9EE70043C1B5 /* GestureViewController.swift */; };
		E59F8D0A2C57FC6F00269E3D /* LoadingView.swift in Sources */ = {isa = PBXBuildFile; fileRef = E59F8D092C57FC6F00269E3D /* LoadingView.swift */; };
		E59F8D0C2C580E0100269E3D /* ToggleSwitchController.swift in Sources */ = {isa = PBXBuildFile; fileRef = E59F8D0B2C580E0100269E3D /* ToggleSwitchController.swift */; };
		E5A2F7042C4589AC00B12315 /* CollectionViewController.swift in Sources */ = {isa = PBXBuildFile; fileRef = E5A2F7032C4589AC00B12315 /* CollectionViewController.swift */; };
		E5A2F7062C459E5A00B12315 /* FriendTableViewController.swift in Sources */ = {isa = PBXBuildFile; fileRef = E5A2F7052C459E5A00B12315 /* FriendTableViewController.swift */; };
		E5BE6D272C61389D00644836 /* AnimationsViewController.swift in Sources */ = {isa = PBXBuildFile; fileRef = E5BE6D262C61389D00644836 /* AnimationsViewController.swift */; };
		E5BE6D292C6A6B5600644836 /* SOLID.swift in Sources */ = {isa = PBXBuildFile; fileRef = E5BE6D282C6A6B5600644836 /* SOLID.swift */; };
		E5BE6D2B2C6A6C5A00644836 /* TestViewController.swift in Sources */ = {isa = PBXBuildFile; fileRef = E5BE6D2A2C6A6C5A00644836 /* TestViewController.swift */; };
		E5BE6D2E2C6A868200644836 /* AuthService.swift in Sources */ = {isa = PBXBuildFile; fileRef = E5BE6D2D2C6A868200644836 /* AuthService.swift */; };
		E5BE6D302C6A898000644836 /* AuthNotificator.swift in Sources */ = {isa = PBXBuildFile; fileRef = E5BE6D2F2C6A898000644836 /* AuthNotificator.swift */; };
		E5BE6D322C6A8BC300644836 /* AuthValidatorService.swift in Sources */ = {isa = PBXBuildFile; fileRef = E5BE6D312C6A8BC300644836 /* AuthValidatorService.swift */; };
		E5BE6D342C6A8CF400644836 /* AuthFactory.swift in Sources */ = {isa = PBXBuildFile; fileRef = E5BE6D332C6A8CF400644836 /* AuthFactory.swift */; };
		E5F6FCFA2C3F0DDE0064C07F /* UserMenuTableViewController.swift in Sources */ = {isa = PBXBuildFile; fileRef = E5F6FCF92C3F0DDE0064C07F /* UserMenuTableViewController.swift */; };
/* End PBXBuildFile section */

/* Begin PBXFileReference section */
		E501E5E42C35CB1C006A06D9 /* FriendsViewController.swift */ = {isa = PBXFileReference; lastKnownFileType = sourcecode.swift; path = FriendsViewController.swift; sourceTree = "<group>"; };
		E501E5E62C35CDD5006A06D9 /* FriendViewController.swift */ = {isa = PBXFileReference; lastKnownFileType = sourcecode.swift; path = FriendViewController.swift; sourceTree = "<group>"; };
		E51194222C73BB7D002CE686 /* CustomFonts.swift */ = {isa = PBXFileReference; lastKnownFileType = sourcecode.swift; path = CustomFonts.swift; sourceTree = "<group>"; };
		E5141B292C73ACD9008B8E4A /* AttributedStringViewController.swift */ = {isa = PBXFileReference; lastKnownFileType = sourcecode.swift; path = AttributedStringViewController.swift; sourceTree = "<group>"; };
		E5141B2C2C73B7BD008B8E4A /* Roboto-Bold.ttf */ = {isa = PBXFileReference; lastKnownFileType = file; name = "Roboto-Bold.ttf"; path = "../../../../Downloads/Roboto/Roboto-Bold.ttf"; sourceTree = "<group>"; };
		E5141B2D2C73B7BD008B8E4A /* Roboto-Medium.ttf */ = {isa = PBXFileReference; lastKnownFileType = file; name = "Roboto-Medium.ttf"; path = "../../../../Downloads/Roboto/Roboto-Medium.ttf"; sourceTree = "<group>"; };
		E5141B2E2C73B7BD008B8E4A /* Roboto-ThinItalic.ttf */ = {isa = PBXFileReference; lastKnownFileType = file; name = "Roboto-ThinItalic.ttf"; path = "../../../../Downloads/Roboto/Roboto-ThinItalic.ttf"; sourceTree = "<group>"; };
		E5141B2F2C73B7BD008B8E4A /* Roboto-Italic.ttf */ = {isa = PBXFileReference; lastKnownFileType = file; name = "Roboto-Italic.ttf"; path = "../../../../Downloads/Roboto/Roboto-Italic.ttf"; sourceTree = "<group>"; };
		E5141B302C73B7BD008B8E4A /* Roboto-Light.ttf */ = {isa = PBXFileReference; lastKnownFileType = file; name = "Roboto-Light.ttf"; path = "../../../../Downloads/Roboto/Roboto-Light.ttf"; sourceTree = "<group>"; };
		E5141B312C73B7BD008B8E4A /* Roboto-LightItalic.ttf */ = {isa = PBXFileReference; lastKnownFileType = file; name = "Roboto-LightItalic.ttf"; path = "../../../../Downloads/Roboto/Roboto-LightItalic.ttf"; sourceTree = "<group>"; };
		E5141B322C73B7BD008B8E4A /* Roboto-Thin.ttf */ = {isa = PBXFileReference; lastKnownFileType = file; name = "Roboto-Thin.ttf"; path = "../../../../Downloads/Roboto/Roboto-Thin.ttf"; sourceTree = "<group>"; };
		E5141B332C73B7BD008B8E4A /* Roboto-Black.ttf */ = {isa = PBXFileReference; lastKnownFileType = file; name = "Roboto-Black.ttf"; path = "../../../../Downloads/Roboto/Roboto-Black.ttf"; sourceTree = "<group>"; };
		E5141B342C73B7BD008B8E4A /* Roboto-MediumItalic.ttf */ = {isa = PBXFileReference; lastKnownFileType = file; name = "Roboto-MediumItalic.ttf"; path = "../../../../Downloads/Roboto/Roboto-MediumItalic.ttf"; sourceTree = "<group>"; };
		E5141B352C73B7BD008B8E4A /* Roboto-Regular.ttf */ = {isa = PBXFileReference; lastKnownFileType = file; name = "Roboto-Regular.ttf"; path = "../../../../Downloads/Roboto/Roboto-Regular.ttf"; sourceTree = "<group>"; };
		E5141B362C73B7BD008B8E4A /* Roboto-BoldItalic.ttf */ = {isa = PBXFileReference; lastKnownFileType = file; name = "Roboto-BoldItalic.ttf"; path = "../../../../Downloads/Roboto/Roboto-BoldItalic.ttf"; sourceTree = "<group>"; };
		E5141B372C73B7BD008B8E4A /* Roboto-BlackItalic.ttf */ = {isa = PBXFileReference; lastKnownFileType = file; name = "Roboto-BlackItalic.ttf"; path = "../../../../Downloads/Roboto/Roboto-BlackItalic.ttf"; sourceTree = "<group>"; };
		E52DAF0D2C3C6C3400D3AAAC /* StatusEditViewController.swift */ = {isa = PBXFileReference; lastKnownFileType = sourcecode.swift; path = StatusEditViewController.swift; sourceTree = "<group>"; };
		E52DAF112C3EF0F500D3AAAC /* FriendsTableViewController.swift */ = {isa = PBXFileReference; lastKnownFileType = sourcecode.swift; path = FriendsTableViewController.swift; sourceTree = "<group>"; };
		E5438FD02C6D32DE0018BB2E /* Alghorithms.swift */ = {isa = PBXFileReference; lastKnownFileType = sourcecode.swift; path = Alghorithms.swift; sourceTree = "<group>"; };
		E58922852C33096D00DAC182 /* Navigation.app */ = {isa = PBXFileReference; explicitFileType = wrapper.application; includeInIndex = 0; path = Navigation.app; sourceTree = BUILT_PRODUCTS_DIR; };
		E58922882C33096D00DAC182 /* AppDelegate.swift */ = {isa = PBXFileReference; lastKnownFileType = sourcecode.swift; path = AppDelegate.swift; sourceTree = "<group>"; };
		E589228A2C33096D00DAC182 /* SceneDelegate.swift */ = {isa = PBXFileReference; lastKnownFileType = sourcecode.swift; path = SceneDelegate.swift; sourceTree = "<group>"; };
		E589228C2C33096D00DAC182 /* ViewController.swift */ = {isa = PBXFileReference; lastKnownFileType = sourcecode.swift; path = ViewController.swift; sourceTree = "<group>"; };
		E58922912C33096E00DAC182 /* Assets.xcassets */ = {isa = PBXFileReference; lastKnownFileType = folder.assetcatalog; path = Assets.xcassets; sourceTree = "<group>"; };
		E58922942C33096E00DAC182 /* Base */ = {isa = PBXFileReference; lastKnownFileType = file.storyboard; name = Base; path = Base.lproj/LaunchScreen.storyboard; sourceTree = "<group>"; };
		E58922962C33096E00DAC182 /* Info.plist */ = {isa = PBXFileReference; lastKnownFileType = text.plist.xml; path = Info.plist; sourceTree = "<group>"; };
		E589229C2C3311F500DAC182 /* UserMenuViewController.swift */ = {isa = PBXFileReference; lastKnownFileType = sourcecode.swift; path = UserMenuViewController.swift; sourceTree = "<group>"; };
		E589229E2C3316EC00DAC182 /* LoginFlowStoryboard.storyboard */ = {isa = PBXFileReference; lastKnownFileType = file.storyboard; path = LoginFlowStoryboard.storyboard; sourceTree = "<group>"; };
		E58922A02C3322D200DAC182 /* AuthViewController.swift */ = {isa = PBXFileReference; lastKnownFileType = sourcecode.swift; path = AuthViewController.swift; sourceTree = "<group>"; };
		E58922A22C3322E100DAC182 /* GuestViewController.swift */ = {isa = PBXFileReference; lastKnownFileType = sourcecode.swift; path = GuestViewController.swift; sourceTree = "<group>"; };
		E58BD7762C5A9EE70043C1B5 /* GestureViewController.swift */ = {isa = PBXFileReference; lastKnownFileType = sourcecode.swift; path = GestureViewController.swift; sourceTree = "<group>"; };
		E59F8D092C57FC6F00269E3D /* LoadingView.swift */ = {isa = PBXFileReference; lastKnownFileType = sourcecode.swift; path = LoadingView.swift; sourceTree = "<group>"; };
		E59F8D0B2C580E0100269E3D /* ToggleSwitchController.swift */ = {isa = PBXFileReference; lastKnownFileType = sourcecode.swift; path = ToggleSwitchController.swift; sourceTree = "<group>"; };
		E5A2F7032C4589AC00B12315 /* CollectionViewController.swift */ = {isa = PBXFileReference; lastKnownFileType = sourcecode.swift; path = CollectionViewController.swift; sourceTree = "<group>"; };
		E5A2F7052C459E5A00B12315 /* FriendTableViewController.swift */ = {isa = PBXFileReference; lastKnownFileType = sourcecode.swift; path = FriendTableViewController.swift; sourceTree = "<group>"; };
		E5BE6D262C61389D00644836 /* AnimationsViewController.swift */ = {isa = PBXFileReference; lastKnownFileType = sourcecode.swift; path = AnimationsViewController.swift; sourceTree = "<group>"; };
		E5BE6D282C6A6B5600644836 /* SOLID.swift */ = {isa = PBXFileReference; lastKnownFileType = sourcecode.swift; path = SOLID.swift; sourceTree = "<group>"; };
		E5BE6D2A2C6A6C5A00644836 /* TestViewController.swift */ = {isa = PBXFileReference; lastKnownFileType = sourcecode.swift; path = TestViewController.swift; sourceTree = "<group>"; };
		E5BE6D2D2C6A868200644836 /* AuthService.swift */ = {isa = PBXFileReference; lastKnownFileType = sourcecode.swift; path = AuthService.swift; sourceTree = "<group>"; };
		E5BE6D2F2C6A898000644836 /* AuthNotificator.swift */ = {isa = PBXFileReference; lastKnownFileType = sourcecode.swift; path = AuthNotificator.swift; sourceTree = "<group>"; };
		E5BE6D312C6A8BC300644836 /* AuthValidatorService.swift */ = {isa = PBXFileReference; lastKnownFileType = sourcecode.swift; path = AuthValidatorService.swift; sourceTree = "<group>"; };
		E5BE6D332C6A8CF400644836 /* AuthFactory.swift */ = {isa = PBXFileReference; lastKnownFileType = sourcecode.swift; path = AuthFactory.swift; sourceTree = "<group>"; };
		E5F6FCF92C3F0DDE0064C07F /* UserMenuTableViewController.swift */ = {isa = PBXFileReference; lastKnownFileType = sourcecode.swift; path = UserMenuTableViewController.swift; sourceTree = "<group>"; };
/* End PBXFileReference section */

/* Begin PBXFrameworksBuildPhase section */
		E58922822C33096D00DAC182 /* Frameworks */ = {
			isa = PBXFrameworksBuildPhase;
			buildActionMask = 2147483647;
			files = (
			);
			runOnlyForDeploymentPostprocessing = 0;
		};
/* End PBXFrameworksBuildPhase section */

/* Begin PBXGroup section */
		E5141B2B2C73B7B0008B8E4A /* Fonts */ = {
			isa = PBXGroup;
			children = (
				E5141B332C73B7BD008B8E4A /* Roboto-Black.ttf */,
				E5141B372C73B7BD008B8E4A /* Roboto-BlackItalic.ttf */,
				E5141B2C2C73B7BD008B8E4A /* Roboto-Bold.ttf */,
				E5141B362C73B7BD008B8E4A /* Roboto-BoldItalic.ttf */,
				E5141B2F2C73B7BD008B8E4A /* Roboto-Italic.ttf */,
				E5141B302C73B7BD008B8E4A /* Roboto-Light.ttf */,
				E5141B312C73B7BD008B8E4A /* Roboto-LightItalic.ttf */,
				E5141B2D2C73B7BD008B8E4A /* Roboto-Medium.ttf */,
				E5141B342C73B7BD008B8E4A /* Roboto-MediumItalic.ttf */,
				E5141B352C73B7BD008B8E4A /* Roboto-Regular.ttf */,
				E5141B322C73B7BD008B8E4A /* Roboto-Thin.ttf */,
				E5141B2E2C73B7BD008B8E4A /* Roboto-ThinItalic.ttf */,
			);
			path = Fonts;
			sourceTree = "<group>";
		};
		E589227C2C33096D00DAC182 = {
			isa = PBXGroup;
			children = (
				E5438FD02C6D32DE0018BB2E /* Alghorithms.swift */,
				E5BE6D282C6A6B5600644836 /* SOLID.swift */,
				E58BD7762C5A9EE70043C1B5 /* GestureViewController.swift */,
				E58922872C33096D00DAC182 /* Navigation */,
				E58922862C33096D00DAC182 /* Products */,
			);
			sourceTree = "<group>";
		};
		E58922862C33096D00DAC182 /* Products */ = {
			isa = PBXGroup;
			children = (
				E58922852C33096D00DAC182 /* Navigation.app */,
			);
			name = Products;
			sourceTree = "<group>";
		};
		E58922872C33096D00DAC182 /* Navigation */ = {
			isa = PBXGroup;
			children = (
				E5141B2B2C73B7B0008B8E4A /* Fonts */,
				E58922882C33096D00DAC182 /* AppDelegate.swift */,
				E58922A42C3322E600DAC182 /* UserApplication */,
				E589228A2C33096D00DAC182 /* SceneDelegate.swift */,
				E589228C2C33096D00DAC182 /* ViewController.swift */,
				E58922912C33096E00DAC182 /* Assets.xcassets */,
				E58922932C33096E00DAC182 /* LaunchScreen.storyboard */,
				E58922962C33096E00DAC182 /* Info.plist */,
				E589229C2C3311F500DAC182 /* UserMenuViewController.swift */,
				E5F6FCF92C3F0DDE0064C07F /* UserMenuTableViewController.swift */,
				E589229E2C3316EC00DAC182 /* LoginFlowStoryboard.storyboard */,
				E501E5E42C35CB1C006A06D9 /* FriendsViewController.swift */,
				E501E5E62C35CDD5006A06D9 /* FriendViewController.swift */,
				E52DAF0D2C3C6C3400D3AAAC /* StatusEditViewController.swift */,
				E52DAF112C3EF0F500D3AAAC /* FriendsTableViewController.swift */,
				E5A2F7032C4589AC00B12315 /* CollectionViewController.swift */,
				E5A2F7052C459E5A00B12315 /* FriendTableViewController.swift */,
				E59F8D092C57FC6F00269E3D /* LoadingView.swift */,
				E59F8D0B2C580E0100269E3D /* ToggleSwitchController.swift */,
				E5BE6D262C61389D00644836 /* AnimationsViewController.swift */,
				E5BE6D2A2C6A6C5A00644836 /* TestViewController.swift */,
				E5141B292C73ACD9008B8E4A /* AttributedStringViewController.swift */,
				E51194222C73BB7D002CE686 /* CustomFonts.swift */,
			);
			path = Navigation;
			sourceTree = "<group>";
		};
		E58922A42C3322E600DAC182 /* UserApplication */ = {
			isa = PBXGroup;
			children = (
				E5BE6D2C2C6A865A00644836 /* AuthModule */,
				E58922A22C3322E100DAC182 /* GuestViewController.swift */,
			);
			path = UserApplication;
			sourceTree = "<group>";
		};
		E5BE6D2C2C6A865A00644836 /* AuthModule */ = {
			isa = PBXGroup;
			children = (
				E58922A02C3322D200DAC182 /* AuthViewController.swift */,
				E5BE6D2D2C6A868200644836 /* AuthService.swift */,
				E5BE6D2F2C6A898000644836 /* AuthNotificator.swift */,
				E5BE6D312C6A8BC300644836 /* AuthValidatorService.swift */,
				E5BE6D332C6A8CF400644836 /* AuthFactory.swift */,
			);
			path = AuthModule;
			sourceTree = "<group>";
		};
/* End PBXGroup section */

/* Begin PBXNativeTarget section */
		E58922842C33096D00DAC182 /* Navigation */ = {
			isa = PBXNativeTarget;
			buildConfigurationList = E58922992C33096E00DAC182 /* Build configuration list for PBXNativeTarget "Navigation" */;
			buildPhases = (
				E58922812C33096D00DAC182 /* Sources */,
				E58922822C33096D00DAC182 /* Frameworks */,
				E58922832C33096D00DAC182 /* Resources */,
			);
			buildRules = (
			);
			dependencies = (
			);
			name = Navigation;
			productName = Navigation;
			productReference = E58922852C33096D00DAC182 /* Navigation.app */;
			productType = "com.apple.product-type.application";
		};
/* End PBXNativeTarget section */

/* Begin PBXProject section */
		E589227D2C33096D00DAC182 /* Project object */ = {
			isa = PBXProject;
			attributes = {
				BuildIndependentTargetsInParallel = 1;
				LastSwiftUpdateCheck = 1500;
				LastUpgradeCheck = 1500;
				TargetAttributes = {
					E58922842C33096D00DAC182 = {
						CreatedOnToolsVersion = 15.0.1;
					};
				};
			};
			buildConfigurationList = E58922802C33096D00DAC182 /* Build configuration list for PBXProject "Navigation" */;
			compatibilityVersion = "Xcode 14.0";
			developmentRegion = en;
			hasScannedForEncodings = 0;
			knownRegions = (
				en,
				Base,
			);
			mainGroup = E589227C2C33096D00DAC182;
			productRefGroup = E58922862C33096D00DAC182 /* Products */;
			projectDirPath = "";
			projectRoot = "";
			targets = (
				E58922842C33096D00DAC182 /* Navigation */,
			);
		};
/* End PBXProject section */

/* Begin PBXResourcesBuildPhase section */
		E58922832C33096D00DAC182 /* Resources */ = {
			isa = PBXResourcesBuildPhase;
			buildActionMask = 2147483647;
			files = (
				E51194212C73B92B002CE686 /* Roboto-ThinItalic.ttf in Resources */,
				E511941A2C73B92B002CE686 /* Roboto-Thin.ttf in Resources */,
				E58922952C33096E00DAC182 /* LaunchScreen.storyboard in Resources */,
				E511941C2C73B92B002CE686 /* Roboto-Bold.ttf in Resources */,
				E58922922C33096E00DAC182 /* Assets.xcassets in Resources */,
				E511941E2C73B92B002CE686 /* Roboto-MediumItalic.ttf in Resources */,
				E51194182C73B92B002CE686 /* Roboto-Light.ttf in Resources */,
				E511941F2C73B92B002CE686 /* Roboto-BlackItalic.ttf in Resources */,
				E511941D2C73B92B002CE686 /* Roboto-Black.ttf in Resources */,
				E51194192C73B92B002CE686 /* Roboto-Medium.ttf in Resources */,
				E511941B2C73B92B002CE686 /* Roboto-LightItalic.ttf in Resources */,
				E51194162C73B92B002CE686 /* Roboto-Regular.ttf in Resources */,
				E51194202C73B92B002CE686 /* Roboto-Italic.ttf in Resources */,
				E51194172C73B92B002CE686 /* Roboto-BoldItalic.ttf in Resources */,
				E589229F2C3316EC00DAC182 /* LoginFlowStoryboard.storyboard in Resources */,
			);
			runOnlyForDeploymentPostprocessing = 0;
		};
/* End PBXResourcesBuildPhase section */

/* Begin PBXSourcesBuildPhase section */
		E58922812C33096D00DAC182 /* Sources */ = {
			isa = PBXSourcesBuildPhase;
			buildActionMask = 2147483647;
			files = (
				E5A2F7042C4589AC00B12315 /* CollectionViewController.swift in Sources */,
				E5BE6D2B2C6A6C5A00644836 /* TestViewController.swift in Sources */,
				E589229D2C3311F500DAC182 /* UserMenuViewController.swift in Sources */,
				E58922A32C3322E100DAC182 /* GuestViewController.swift in Sources */,
				E5BE6D322C6A8BC300644836 /* AuthValidatorService.swift in Sources */,
				E589228D2C33096D00DAC182 /* ViewController.swift in Sources */,
				E58BD7772C5A9EE70043C1B5 /* GestureViewController.swift in Sources */,
				E58922A12C3322D200DAC182 /* AuthViewController.swift in Sources */,
				E5BE6D2E2C6A868200644836 /* AuthService.swift in Sources */,
				E5BE6D302C6A898000644836 /* AuthNotificator.swift in Sources */,
				E5BE6D342C6A8CF400644836 /* AuthFactory.swift in Sources */,
				E59F8D0A2C57FC6F00269E3D /* LoadingView.swift in Sources */,
				E52DAF122C3EF0F500D3AAAC /* FriendsTableViewController.swift in Sources */,
				E51194232C73BB7D002CE686 /* CustomFonts.swift in Sources */,
				E501E5E72C35CDD5006A06D9 /* FriendViewController.swift in Sources */,
				E5BE6D292C6A6B5600644836 /* SOLID.swift in Sources */,
				E501E5E52C35CB1C006A06D9 /* FriendsViewController.swift in Sources */,
				E58922892C33096D00DAC182 /* AppDelegate.swift in Sources */,
				E589228B2C33096D00DAC182 /* SceneDelegate.swift in Sources */,
				E52DAF0E2C3C6C3400D3AAAC /* StatusEditViewController.swift in Sources */,
				E5F6FCFA2C3F0DDE0064C07F /* UserMenuTableViewController.swift in Sources */,
				E59F8D0C2C580E0100269E3D /* ToggleSwitchController.swift in Sources */,
				E5BE6D272C61389D00644836 /* AnimationsViewController.swift in Sources */,
				E5141B2A2C73ACD9008B8E4A /* AttributedStringViewController.swift in Sources */,
				E5438FD12C6D32DE0018BB2E /* Alghorithms.swift in Sources */,
				E5A2F7062C459E5A00B12315 /* FriendTableViewController.swift in Sources */,
			);
			runOnlyForDeploymentPostprocessing = 0;
		};
/* End PBXSourcesBuildPhase section */

/* Begin PBXVariantGroup section */
		E58922932C33096E00DAC182 /* LaunchScreen.storyboard */ = {
			isa = PBXVariantGroup;
			children = (
				E58922942C33096E00DAC182 /* Base */,
			);
			name = LaunchScreen.storyboard;
			sourceTree = "<group>";
		};
/* End PBXVariantGroup section */

/* Begin XCBuildConfiguration section */
		E58922972C33096E00DAC182 /* Debug */ = {
			isa = XCBuildConfiguration;
			buildSettings = {
				ALWAYS_SEARCH_USER_PATHS = NO;
				ASSETCATALOG_COMPILER_GENERATE_SWIFT_ASSET_SYMBOL_EXTENSIONS = YES;
				CLANG_ANALYZER_NONNULL = YES;
				CLANG_ANALYZER_NUMBER_OBJECT_CONVERSION = YES_AGGRESSIVE;
				CLANG_CXX_LANGUAGE_STANDARD = "gnu++20";
				CLANG_ENABLE_MODULES = YES;
				CLANG_ENABLE_OBJC_ARC = YES;
				CLANG_ENABLE_OBJC_WEAK = YES;
				CLANG_WARN_BLOCK_CAPTURE_AUTORELEASING = YES;
				CLANG_WARN_BOOL_CONVERSION = YES;
				CLANG_WARN_COMMA = YES;
				CLANG_WARN_CONSTANT_CONVERSION = YES;
				CLANG_WARN_DEPRECATED_OBJC_IMPLEMENTATIONS = YES;
				CLANG_WARN_DIRECT_OBJC_ISA_USAGE = YES_ERROR;
				CLANG_WARN_DOCUMENTATION_COMMENTS = YES;
				CLANG_WARN_EMPTY_BODY = YES;
				CLANG_WARN_ENUM_CONVERSION = YES;
				CLANG_WARN_INFINITE_RECURSION = YES;
				CLANG_WARN_INT_CONVERSION = YES;
				CLANG_WARN_NON_LITERAL_NULL_CONVERSION = YES;
				CLANG_WARN_OBJC_IMPLICIT_RETAIN_SELF = YES;
				CLANG_WARN_OBJC_LITERAL_CONVERSION = YES;
				CLANG_WARN_OBJC_ROOT_CLASS = YES_ERROR;
				CLANG_WARN_QUOTED_INCLUDE_IN_FRAMEWORK_HEADER = YES;
				CLANG_WARN_RANGE_LOOP_ANALYSIS = YES;
				CLANG_WARN_STRICT_PROTOTYPES = YES;
				CLANG_WARN_SUSPICIOUS_MOVE = YES;
				CLANG_WARN_UNGUARDED_AVAILABILITY = YES_AGGRESSIVE;
				CLANG_WARN_UNREACHABLE_CODE = YES;
				CLANG_WARN__DUPLICATE_METHOD_MATCH = YES;
				COPY_PHASE_STRIP = NO;
				DEBUG_INFORMATION_FORMAT = dwarf;
				ENABLE_STRICT_OBJC_MSGSEND = YES;
				ENABLE_TESTABILITY = YES;
				ENABLE_USER_SCRIPT_SANDBOXING = YES;
				GCC_C_LANGUAGE_STANDARD = gnu17;
				GCC_DYNAMIC_NO_PIC = NO;
				GCC_NO_COMMON_BLOCKS = YES;
				GCC_OPTIMIZATION_LEVEL = 0;
				GCC_PREPROCESSOR_DEFINITIONS = (
					"DEBUG=1",
					"$(inherited)",
				);
				GCC_WARN_64_TO_32_BIT_CONVERSION = YES;
				GCC_WARN_ABOUT_RETURN_TYPE = YES_ERROR;
				GCC_WARN_UNDECLARED_SELECTOR = YES;
				GCC_WARN_UNINITIALIZED_AUTOS = YES_AGGRESSIVE;
				GCC_WARN_UNUSED_FUNCTION = YES;
				GCC_WARN_UNUSED_VARIABLE = YES;
				IPHONEOS_DEPLOYMENT_TARGET = 17.0;
				LOCALIZATION_PREFERS_STRING_CATALOGS = YES;
				MTL_ENABLE_DEBUG_INFO = INCLUDE_SOURCE;
				MTL_FAST_MATH = YES;
				ONLY_ACTIVE_ARCH = YES;
				SDKROOT = iphoneos;
				SWIFT_ACTIVE_COMPILATION_CONDITIONS = "DEBUG $(inherited)";
				SWIFT_OPTIMIZATION_LEVEL = "-Onone";
			};
			name = Debug;
		};
		E58922982C33096E00DAC182 /* Release */ = {
			isa = XCBuildConfiguration;
			buildSettings = {
				ALWAYS_SEARCH_USER_PATHS = NO;
				ASSETCATALOG_COMPILER_GENERATE_SWIFT_ASSET_SYMBOL_EXTENSIONS = YES;
				CLANG_ANALYZER_NONNULL = YES;
				CLANG_ANALYZER_NUMBER_OBJECT_CONVERSION = YES_AGGRESSIVE;
				CLANG_CXX_LANGUAGE_STANDARD = "gnu++20";
				CLANG_ENABLE_MODULES = YES;
				CLANG_ENABLE_OBJC_ARC = YES;
				CLANG_ENABLE_OBJC_WEAK = YES;
				CLANG_WARN_BLOCK_CAPTURE_AUTORELEASING = YES;
				CLANG_WARN_BOOL_CONVERSION = YES;
				CLANG_WARN_COMMA = YES;
				CLANG_WARN_CONSTANT_CONVERSION = YES;
				CLANG_WARN_DEPRECATED_OBJC_IMPLEMENTATIONS = YES;
				CLANG_WARN_DIRECT_OBJC_ISA_USAGE = YES_ERROR;
				CLANG_WARN_DOCUMENTATION_COMMENTS = YES;
				CLANG_WARN_EMPTY_BODY = YES;
				CLANG_WARN_ENUM_CONVERSION = YES;
				CLANG_WARN_INFINITE_RECURSION = YES;
				CLANG_WARN_INT_CONVERSION = YES;
				CLANG_WARN_NON_LITERAL_NULL_CONVERSION = YES;
				CLANG_WARN_OBJC_IMPLICIT_RETAIN_SELF = YES;
				CLANG_WARN_OBJC_LITERAL_CONVERSION = YES;
				CLANG_WARN_OBJC_ROOT_CLASS = YES_ERROR;
				CLANG_WARN_QUOTED_INCLUDE_IN_FRAMEWORK_HEADER = YES;
				CLANG_WARN_RANGE_LOOP_ANALYSIS = YES;
				CLANG_WARN_STRICT_PROTOTYPES = YES;
				CLANG_WARN_SUSPICIOUS_MOVE = YES;
				CLANG_WARN_UNGUARDED_AVAILABILITY = YES_AGGRESSIVE;
				CLANG_WARN_UNREACHABLE_CODE = YES;
				CLANG_WARN__DUPLICATE_METHOD_MATCH = YES;
				COPY_PHASE_STRIP = NO;
				DEBUG_INFORMATION_FORMAT = "dwarf-with-dsym";
				ENABLE_NS_ASSERTIONS = NO;
				ENABLE_STRICT_OBJC_MSGSEND = YES;
				ENABLE_USER_SCRIPT_SANDBOXING = YES;
				GCC_C_LANGUAGE_STANDARD = gnu17;
				GCC_NO_COMMON_BLOCKS = YES;
				GCC_WARN_64_TO_32_BIT_CONVERSION = YES;
				GCC_WARN_ABOUT_RETURN_TYPE = YES_ERROR;
				GCC_WARN_UNDECLARED_SELECTOR = YES;
				GCC_WARN_UNINITIALIZED_AUTOS = YES_AGGRESSIVE;
				GCC_WARN_UNUSED_FUNCTION = YES;
				GCC_WARN_UNUSED_VARIABLE = YES;
				IPHONEOS_DEPLOYMENT_TARGET = 17.0;
				LOCALIZATION_PREFERS_STRING_CATALOGS = YES;
				MTL_ENABLE_DEBUG_INFO = NO;
				MTL_FAST_MATH = YES;
				SDKROOT = iphoneos;
				SWIFT_COMPILATION_MODE = wholemodule;
				VALIDATE_PRODUCT = YES;
			};
			name = Release;
		};
		E589229A2C33096E00DAC182 /* Debug */ = {
			isa = XCBuildConfiguration;
			buildSettings = {
				ASSETCATALOG_COMPILER_APPICON_NAME = AppIcon;
				ASSETCATALOG_COMPILER_GLOBAL_ACCENT_COLOR_NAME = AccentColor;
				CODE_SIGN_STYLE = Automatic;
				CURRENT_PROJECT_VERSION = 1;
				GENERATE_INFOPLIST_FILE = YES;
				INFOPLIST_FILE = Navigation/Info.plist;
				INFOPLIST_KEY_UIApplicationSupportsIndirectInputEvents = YES;
				INFOPLIST_KEY_UILaunchStoryboardName = LaunchScreen;
				INFOPLIST_KEY_UISupportedInterfaceOrientations_iPad = "UIInterfaceOrientationPortrait UIInterfaceOrientationPortraitUpsideDown UIInterfaceOrientationLandscapeLeft UIInterfaceOrientationLandscapeRight";
				INFOPLIST_KEY_UISupportedInterfaceOrientations_iPhone = "UIInterfaceOrientationPortrait UIInterfaceOrientationLandscapeLeft UIInterfaceOrientationLandscapeRight";
				LD_RUNPATH_SEARCH_PATHS = (
					"$(inherited)",
					"@executable_path/Frameworks",
				);
				MARKETING_VERSION = 1.0;
				PRODUCT_BUNDLE_IDENTIFIER = companyname.Navigation;
				PRODUCT_NAME = "$(TARGET_NAME)";
				SWIFT_EMIT_LOC_STRINGS = YES;
				SWIFT_VERSION = 5.0;
				TARGETED_DEVICE_FAMILY = "1,2";
			};
			name = Debug;
		};
		E589229B2C33096E00DAC182 /* Release */ = {
			isa = XCBuildConfiguration;
			buildSettings = {
				ASSETCATALOG_COMPILER_APPICON_NAME = AppIcon;
				ASSETCATALOG_COMPILER_GLOBAL_ACCENT_COLOR_NAME = AccentColor;
				CODE_SIGN_STYLE = Automatic;
				CURRENT_PROJECT_VERSION = 1;
				GENERATE_INFOPLIST_FILE = YES;
				INFOPLIST_FILE = Navigation/Info.plist;
				INFOPLIST_KEY_UIApplicationSupportsIndirectInputEvents = YES;
				INFOPLIST_KEY_UILaunchStoryboardName = LaunchScreen;
				INFOPLIST_KEY_UISupportedInterfaceOrientations_iPad = "UIInterfaceOrientationPortrait UIInterfaceOrientationPortraitUpsideDown UIInterfaceOrientationLandscapeLeft UIInterfaceOrientationLandscapeRight";
				INFOPLIST_KEY_UISupportedInterfaceOrientations_iPhone = "UIInterfaceOrientationPortrait UIInterfaceOrientationLandscapeLeft UIInterfaceOrientationLandscapeRight";
				LD_RUNPATH_SEARCH_PATHS = (
					"$(inherited)",
					"@executable_path/Frameworks",
				);
				MARKETING_VERSION = 1.0;
				PRODUCT_BUNDLE_IDENTIFIER = companyname.Navigation;
				PRODUCT_NAME = "$(TARGET_NAME)";
				SWIFT_EMIT_LOC_STRINGS = YES;
				SWIFT_VERSION = 5.0;
				TARGETED_DEVICE_FAMILY = "1,2";
			};
			name = Release;
		};
/* End XCBuildConfiguration section */

/* Begin XCConfigurationList section */
		E58922802C33096D00DAC182 /* Build configuration list for PBXProject "Navigation" */ = {
			isa = XCConfigurationList;
			buildConfigurations = (
				E58922972C33096E00DAC182 /* Debug */,
				E58922982C33096E00DAC182 /* Release */,
			);
			defaultConfigurationIsVisible = 0;
			defaultConfigurationName = Release;
		};
		E58922992C33096E00DAC182 /* Build configuration list for PBXNativeTarget "Navigation" */ = {
			isa = XCConfigurationList;
			buildConfigurations = (
				E589229A2C33096E00DAC182 /* Debug */,
				E589229B2C33096E00DAC182 /* Release */,
			);
			defaultConfigurationIsVisible = 0;
			defaultConfigurationName = Release;
		};
/* End XCConfigurationList section */
	};
	rootObject = E589227D2C33096D00DAC182 /* Project object */;
}
