// !$*UTF8*$!
{
	archiveVersion = 1;
	classes = {
	};
	objectVersion = 56;
	objects = {

/* Begin PBXBuildFile section */
		E501E5E52C35CB1C006A06D9 /* FriendsViewController.swift in Sources */ = {isa = PBXBuildFile; fileRef = E501E5E42C35CB1C006A06D9 /* FriendsViewController.swift */; };
		E501E5E72C35CDD5006A06D9 /* FriendViewController.swift in Sources */ = {isa = PBXBuildFile; fileRef = E501E5E62C35CDD5006A06D9 /* FriendViewController.swift */; };
		E58922892C33096D00DAC182 /* AppDelegate.swift in Sources */ = {isa = PBXBuildFile; fileRef = E58922882C33096D00DAC182 /* AppDelegate.swift */; };
		E589228B2C33096D00DAC182 /* SceneDelegate.swift in Sources */ = {isa = PBXBuildFile; fileRef = E589228A2C33096D00DAC182 /* SceneDelegate.swift */; };
		E589228D2C33096D00DAC182 /* ViewController.swift in Sources */ = {isa = PBXBuildFile; fileRef = E589228C2C33096D00DAC182 /* ViewController.swift */; };
		E58922902C33096D00DAC182 /* Main.storyboard in Resources */ = {isa = PBXBuildFile; fileRef = E589228E2C33096D00DAC182 /* Main.storyboard */; };
		E58922922C33096E00DAC182 /* Assets.xcassets in Resources */ = {isa = PBXBuildFile; fileRef = E58922912C33096E00DAC182 /* Assets.xcassets */; };
		E58922952C33096E00DAC182 /* LaunchScreen.storyboard in Resources */ = {isa = PBXBuildFile; fileRef = E58922932C33096E00DAC182 /* LaunchScreen.storyboard */; };
		E589229D2C3311F500DAC182 /* SecondViewController.swift in Sources */ = {isa = PBXBuildFile; fileRef = E589229C2C3311F500DAC182 /* SecondViewController.swift */; };
		E589229F2C3316EC00DAC182 /* LoginFlowStoryboard.storyboard in Resources */ = {isa = PBXBuildFile; fileRef = E589229E2C3316EC00DAC182 /* LoginFlowStoryboard.storyboard */; };
		E58922A12C3322D200DAC182 /* AuthViewController.swift in Sources */ = {isa = PBXBuildFile; fileRef = E58922A02C3322D200DAC182 /* AuthViewController.swift */; };
		E58922A32C3322E100DAC182 /* GuestViewController.swift in Sources */ = {isa = PBXBuildFile; fileRef = E58922A22C3322E100DAC182 /* GuestViewController.swift */; };
/* End PBXBuildFile section */

/* Begin PBXFileReference section */
		E501E5E42C35CB1C006A06D9 /* FriendsViewController.swift */ = {isa = PBXFileReference; lastKnownFileType = sourcecode.swift; path = FriendsViewController.swift; sourceTree = "<group>"; };
		E501E5E62C35CDD5006A06D9 /* FriendViewController.swift */ = {isa = PBXFileReference; lastKnownFileType = sourcecode.swift; path = FriendViewController.swift; sourceTree = "<group>"; };
		E58922852C33096D00DAC182 /* Navigation.app */ = {isa = PBXFileReference; explicitFileType = wrapper.application; includeInIndex = 0; path = Navigation.app; sourceTree = BUILT_PRODUCTS_DIR; };
		E58922882C33096D00DAC182 /* AppDelegate.swift */ = {isa = PBXFileReference; lastKnownFileType = sourcecode.swift; path = AppDelegate.swift; sourceTree = "<group>"; };
		E589228A2C33096D00DAC182 /* SceneDelegate.swift */ = {isa = PBXFileReference; lastKnownFileType = sourcecode.swift; path = SceneDelegate.swift; sourceTree = "<group>"; };
		E589228C2C33096D00DAC182 /* ViewController.swift */ = {isa = PBXFileReference; lastKnownFileType = sourcecode.swift; path = ViewController.swift; sourceTree = "<group>"; };
		E589228F2C33096D00DAC182 /* Base */ = {isa = PBXFileReference; lastKnownFileType = file.storyboard; name = Base; path = Base.lproj/Main.storyboard; sourceTree = "<group>"; };
		E58922912C33096E00DAC182 /* Assets.xcassets */ = {isa = PBXFileReference; lastKnownFileType = folder.assetcatalog; path = Assets.xcassets; sourceTree = "<group>"; };
		E58922942C33096E00DAC182 /* Base */ = {isa = PBXFileReference; lastKnownFileType = file.storyboard; name = Base; path = Base.lproj/LaunchScreen.storyboard; sourceTree = "<group>"; };
		E58922962C33096E00DAC182 /* Info.plist */ = {isa = PBXFileReference; lastKnownFileType = text.plist.xml; path = Info.plist; sourceTree = "<group>"; };
		E589229C2C3311F500DAC182 /* SecondViewController.swift */ = {isa = PBXFileReference; lastKnownFileType = sourcecode.swift; path = SecondViewController.swift; sourceTree = "<group>"; };
		E589229E2C3316EC00DAC182 /* LoginFlowStoryboard.storyboard */ = {isa = PBXFileReference; lastKnownFileType = file.storyboard; path = LoginFlowStoryboard.storyboard; sourceTree = "<group>"; };
		E58922A02C3322D200DAC182 /* AuthViewController.swift */ = {isa = PBXFileReference; lastKnownFileType = sourcecode.swift; path = AuthViewController.swift; sourceTree = "<group>"; };
		E58922A22C3322E100DAC182 /* GuestViewController.swift */ = {isa = PBXFileReference; lastKnownFileType = sourcecode.swift; path = GuestViewController.swift; sourceTree = "<group>"; };
/* End PBXFileReference section */

/* Begin PBXFrameworksBuildPhase section */
		E58922822C33096D00DAC182 /* Frameworks */ = {
			isa = PBXFrameworksBuildPhase;
			buildActionMask = 2147483647;
			files = (
			);
			runOnlyForDeploymentPostprocessing = 0;
		};
/* End PBXFrameworksBuildPhase section */

/* Begin PBXGroup section */
		E589227C2C33096D00DAC182 = {
			isa = PBXGroup;
			children = (
				E58922872C33096D00DAC182 /* Navigation */,
				E58922862C33096D00DAC182 /* Products */,
			);
			sourceTree = "<group>";
		};
		E58922862C33096D00DAC182 /* Products */ = {
			isa = PBXGroup;
			children = (
				E58922852C33096D00DAC182 /* Navigation.app */,
			);
			name = Products;
			sourceTree = "<group>";
		};
		E58922872C33096D00DAC182 /* Navigation */ = {
			isa = PBXGroup;
			children = (
				E58922882C33096D00DAC182 /* AppDelegate.swift */,
				E58922A42C3322E600DAC182 /* UserApplication */,
				E589228A2C33096D00DAC182 /* SceneDelegate.swift */,
				E589228C2C33096D00DAC182 /* ViewController.swift */,
				E589228E2C33096D00DAC182 /* Main.storyboard */,
				E58922912C33096E00DAC182 /* Assets.xcassets */,
				E58922932C33096E00DAC182 /* LaunchScreen.storyboard */,
				E58922962C33096E00DAC182 /* Info.plist */,
				E589229C2C3311F500DAC182 /* SecondViewController.swift */,
				E589229E2C3316EC00DAC182 /* LoginFlowStoryboard.storyboard */,
				E501E5E42C35CB1C006A06D9 /* FriendsViewController.swift */,
				E501E5E62C35CDD5006A06D9 /* FriendViewController.swift */,
			);
			path = Navigation;
			sourceTree = "<group>";
		};
		E58922A42C3322E600DAC182 /* UserApplication */ = {
			isa = PBXGroup;
			children = (
				E58922A02C3322D200DAC182 /* AuthViewController.swift */,
				E58922A22C3322E100DAC182 /* GuestViewController.swift */,
			);
			path = UserApplication;
			sourceTree = "<group>";
		};
/* End PBXGroup section */

/* Begin PBXNativeTarget section */
		E58922842C33096D00DAC182 /* Navigation */ = {
			isa = PBXNativeTarget;
			buildConfigurationList = E58922992C33096E00DAC182 /* Build configuration list for PBXNativeTarget "Navigation" */;
			buildPhases = (
				E58922812C33096D00DAC182 /* Sources */,
				E58922822C33096D00DAC182 /* Frameworks */,
				E58922832C33096D00DAC182 /* Resources */,
			);
			buildRules = (
			);
			dependencies = (
			);
			name = Navigation;
			productName = Navigation;
			productReference = E58922852C33096D00DAC182 /* Navigation.app */;
			productType = "com.apple.product-type.application";
		};
/* End PBXNativeTarget section */

/* Begin PBXProject section */
		E589227D2C33096D00DAC182 /* Project object */ = {
			isa = PBXProject;
			attributes = {
				BuildIndependentTargetsInParallel = 1;
				LastSwiftUpdateCheck = 1500;
				LastUpgradeCheck = 1500;
				TargetAttributes = {
					E58922842C33096D00DAC182 = {
						CreatedOnToolsVersion = 15.0.1;
					};
				};
			};
			buildConfigurationList = E58922802C33096D00DAC182 /* Build configuration list for PBXProject "Navigation" */;
			compatibilityVersion = "Xcode 14.0";
			developmentRegion = en;
			hasScannedForEncodings = 0;
			knownRegions = (
				en,
				Base,
			);
			mainGroup = E589227C2C33096D00DAC182;
			productRefGroup = E58922862C33096D00DAC182 /* Products */;
			projectDirPath = "";
			projectRoot = "";
			targets = (
				E58922842C33096D00DAC182 /* Navigation */,
			);
		};
/* End PBXProject section */

/* Begin PBXResourcesBuildPhase section */
		E58922832C33096D00DAC182 /* Resources */ = {
			isa = PBXResourcesBuildPhase;
			buildActionMask = 2147483647;
			files = (
				E58922952C33096E00DAC182 /* LaunchScreen.storyboard in Resources */,
				E58922922C33096E00DAC182 /* Assets.xcassets in Resources */,
				E58922902C33096D00DAC182 /* Main.storyboard in Resources */,
				E589229F2C3316EC00DAC182 /* LoginFlowStoryboard.storyboard in Resources */,
			);
			runOnlyForDeploymentPostprocessing = 0;
		};
/* End PBXResourcesBuildPhase section */

/* Begin PBXSourcesBuildPhase section */
		E58922812C33096D00DAC182 /* Sources */ = {
			isa = PBXSourcesBuildPhase;
			buildActionMask = 2147483647;
			files = (
				E589229D2C3311F500DAC182 /* SecondViewController.swift in Sources */,
				E58922A32C3322E100DAC182 /* GuestViewController.swift in Sources */,
				E589228D2C33096D00DAC182 /* ViewController.swift in Sources */,
				E58922A12C3322D200DAC182 /* AuthViewController.swift in Sources */,
				E501E5E72C35CDD5006A06D9 /* FriendViewController.swift in Sources */,
				E501E5E52C35CB1C006A06D9 /* FriendsViewController.swift in Sources */,
				E58922892C33096D00DAC182 /* AppDelegate.swift in Sources */,
				E589228B2C33096D00DAC182 /* SceneDelegate.swift in Sources */,
			);
			runOnlyForDeploymentPostprocessing = 0;
		};
/* End PBXSourcesBuildPhase section */

/* Begin PBXVariantGroup section */
		E589228E2C33096D00DAC182 /* Main.storyboard */ = {
			isa = PBXVariantGroup;
			children = (
				E589228F2C33096D00DAC182 /* Base */,
			);
			name = Main.storyboard;
			sourceTree = "<group>";
		};
		E58922932C33096E00DAC182 /* LaunchScreen.storyboard */ = {
			isa = PBXVariantGroup;
			children = (
				E58922942C33096E00DAC182 /* Base */,
			);
			name = LaunchScreen.storyboard;
			sourceTree = "<group>";
		};
/* End PBXVariantGroup section */

/* Begin XCBuildConfiguration section */
		E58922972C33096E00DAC182 /* Debug */ = {
			isa = XCBuildConfiguration;
			buildSettings = {
				ALWAYS_SEARCH_USER_PATHS = NO;
				ASSETCATALOG_COMPILER_GENERATE_SWIFT_ASSET_SYMBOL_EXTENSIONS = YES;
				CLANG_ANALYZER_NONNULL = YES;
				CLANG_ANALYZER_NUMBER_OBJECT_CONVERSION = YES_AGGRESSIVE;
				CLANG_CXX_LANGUAGE_STANDARD = "gnu++20";
				CLANG_ENABLE_MODULES = YES;
				CLANG_ENABLE_OBJC_ARC = YES;
				CLANG_ENABLE_OBJC_WEAK = YES;
				CLANG_WARN_BLOCK_CAPTURE_AUTORELEASING = YES;
				CLANG_WARN_BOOL_CONVERSION = YES;
				CLANG_WARN_COMMA = YES;
				CLANG_WARN_CONSTANT_CONVERSION = YES;
				CLANG_WARN_DEPRECATED_OBJC_IMPLEMENTATIONS = YES;
				CLANG_WARN_DIRECT_OBJC_ISA_USAGE = YES_ERROR;
				CLANG_WARN_DOCUMENTATION_COMMENTS = YES;
				CLANG_WARN_EMPTY_BODY = YES;
				CLANG_WARN_ENUM_CONVERSION = YES;
				CLANG_WARN_INFINITE_RECURSION = YES;
				CLANG_WARN_INT_CONVERSION = YES;
				CLANG_WARN_NON_LITERAL_NULL_CONVERSION = YES;
				CLANG_WARN_OBJC_IMPLICIT_RETAIN_SELF = YES;
				CLANG_WARN_OBJC_LITERAL_CONVERSION = YES;
				CLANG_WARN_OBJC_ROOT_CLASS = YES_ERROR;
				CLANG_WARN_QUOTED_INCLUDE_IN_FRAMEWORK_HEADER = YES;
				CLANG_WARN_RANGE_LOOP_ANALYSIS = YES;
				CLANG_WARN_STRICT_PROTOTYPES = YES;
				CLANG_WARN_SUSPICIOUS_MOVE = YES;
				CLANG_WARN_UNGUARDED_AVAILABILITY = YES_AGGRESSIVE;
				CLANG_WARN_UNREACHABLE_CODE = YES;
				CLANG_WARN__DUPLICATE_METHOD_MATCH = YES;
				COPY_PHASE_STRIP = NO;
				DEBUG_INFORMATION_FORMAT = dwarf;
				ENABLE_STRICT_OBJC_MSGSEND = YES;
				ENABLE_TESTABILITY = YES;
				ENABLE_USER_SCRIPT_SANDBOXING = YES;
				GCC_C_LANGUAGE_STANDARD = gnu17;
				GCC_DYNAMIC_NO_PIC = NO;
				GCC_NO_COMMON_BLOCKS = YES;
				GCC_OPTIMIZATION_LEVEL = 0;
				GCC_PREPROCESSOR_DEFINITIONS = (
					"DEBUG=1",
					"$(inherited)",
				);
				GCC_WARN_64_TO_32_BIT_CONVERSION = YES;
				GCC_WARN_ABOUT_RETURN_TYPE = YES_ERROR;
				GCC_WARN_UNDECLARED_SELECTOR = YES;
				GCC_WARN_UNINITIALIZED_AUTOS = YES_AGGRESSIVE;
				GCC_WARN_UNUSED_FUNCTION = YES;
				GCC_WARN_UNUSED_VARIABLE = YES;
				IPHONEOS_DEPLOYMENT_TARGET = 17.0;
				LOCALIZATION_PREFERS_STRING_CATALOGS = YES;
				MTL_ENABLE_DEBUG_INFO = INCLUDE_SOURCE;
				MTL_FAST_MATH = YES;
				ONLY_ACTIVE_ARCH = YES;
				SDKROOT = iphoneos;
				SWIFT_ACTIVE_COMPILATION_CONDITIONS = "DEBUG $(inherited)";
				SWIFT_OPTIMIZATION_LEVEL = "-Onone";
			};
			name = Debug;
		};
		E58922982C33096E00DAC182 /* Release */ = {
			isa = XCBuildConfiguration;
			buildSettings = {
				ALWAYS_SEARCH_USER_PATHS = NO;
				ASSETCATALOG_COMPILER_GENERATE_SWIFT_ASSET_SYMBOL_EXTENSIONS = YES;
				CLANG_ANALYZER_NONNULL = YES;
				CLANG_ANALYZER_NUMBER_OBJECT_CONVERSION = YES_AGGRESSIVE;
				CLANG_CXX_LANGUAGE_STANDARD = "gnu++20";
				CLANG_ENABLE_MODULES = YES;
				CLANG_ENABLE_OBJC_ARC = YES;
				CLANG_ENABLE_OBJC_WEAK = YES;
				CLANG_WARN_BLOCK_CAPTURE_AUTORELEASING = YES;
				CLANG_WARN_BOOL_CONVERSION = YES;
				CLANG_WARN_COMMA = YES;
				CLANG_WARN_CONSTANT_CONVERSION = YES;
				CLANG_WARN_DEPRECATED_OBJC_IMPLEMENTATIONS = YES;
				CLANG_WARN_DIRECT_OBJC_ISA_USAGE = YES_ERROR;
				CLANG_WARN_DOCUMENTATION_COMMENTS = YES;
				CLANG_WARN_EMPTY_BODY = YES;
				CLANG_WARN_ENUM_CONVERSION = YES;
				CLANG_WARN_INFINITE_RECURSION = YES;
				CLANG_WARN_INT_CONVERSION = YES;
				CLANG_WARN_NON_LITERAL_NULL_CONVERSION = YES;
				CLANG_WARN_OBJC_IMPLICIT_RETAIN_SELF = YES;
				CLANG_WARN_OBJC_LITERAL_CONVERSION = YES;
				CLANG_WARN_OBJC_ROOT_CLASS = YES_ERROR;
				CLANG_WARN_QUOTED_INCLUDE_IN_FRAMEWORK_HEADER = YES;
				CLANG_WARN_RANGE_LOOP_ANALYSIS = YES;
				CLANG_WARN_STRICT_PROTOTYPES = YES;
				CLANG_WARN_SUSPICIOUS_MOVE = YES;
				CLANG_WARN_UNGUARDED_AVAILABILITY = YES_AGGRESSIVE;
				CLANG_WARN_UNREACHABLE_CODE = YES;
				CLANG_WARN__DUPLICATE_METHOD_MATCH = YES;
				COPY_PHASE_STRIP = NO;
				DEBUG_INFORMATION_FORMAT = "dwarf-with-dsym";
				ENABLE_NS_ASSERTIONS = NO;
				ENABLE_STRICT_OBJC_MSGSEND = YES;
				ENABLE_USER_SCRIPT_SANDBOXING = YES;
				GCC_C_LANGUAGE_STANDARD = gnu17;
				GCC_NO_COMMON_BLOCKS = YES;
				GCC_WARN_64_TO_32_BIT_CONVERSION = YES;
				GCC_WARN_ABOUT_RETURN_TYPE = YES_ERROR;
				GCC_WARN_UNDECLARED_SELECTOR = YES;
				GCC_WARN_UNINITIALIZED_AUTOS = YES_AGGRESSIVE;
				GCC_WARN_UNUSED_FUNCTION = YES;
				GCC_WARN_UNUSED_VARIABLE = YES;
				IPHONEOS_DEPLOYMENT_TARGET = 17.0;
				LOCALIZATION_PREFERS_STRING_CATALOGS = YES;
				MTL_ENABLE_DEBUG_INFO = NO;
				MTL_FAST_MATH = YES;
				SDKROOT = iphoneos;
				SWIFT_COMPILATION_MODE = wholemodule;
				VALIDATE_PRODUCT = YES;
			};
			name = Release;
		};
		E589229A2C33096E00DAC182 /* Debug */ = {
			isa = XCBuildConfiguration;
			buildSettings = {
				ASSETCATALOG_COMPILER_APPICON_NAME = AppIcon;
				ASSETCATALOG_COMPILER_GLOBAL_ACCENT_COLOR_NAME = AccentColor;
				CODE_SIGN_STYLE = Automatic;
				CURRENT_PROJECT_VERSION = 1;
				GENERATE_INFOPLIST_FILE = YES;
				INFOPLIST_FILE = Navigation/Info.plist;
				INFOPLIST_KEY_UIApplicationSupportsIndirectInputEvents = YES;
				INFOPLIST_KEY_UILaunchStoryboardName = LaunchScreen;
				INFOPLIST_KEY_UIMainStoryboardFile = Main;
				INFOPLIST_KEY_UISupportedInterfaceOrientations_iPad = "UIInterfaceOrientationPortrait UIInterfaceOrientationPortraitUpsideDown UIInterfaceOrientationLandscapeLeft UIInterfaceOrientationLandscapeRight";
				INFOPLIST_KEY_UISupportedInterfaceOrientations_iPhone = "UIInterfaceOrientationPortrait UIInterfaceOrientationLandscapeLeft UIInterfaceOrientationLandscapeRight";
				LD_RUNPATH_SEARCH_PATHS = (
					"$(inherited)",
					"@executable_path/Frameworks",
				);
				MARKETING_VERSION = 1.0;
				PRODUCT_BUNDLE_IDENTIFIER = companyname.Navigation;
				PRODUCT_NAME = "$(TARGET_NAME)";
				SWIFT_EMIT_LOC_STRINGS = YES;
				SWIFT_VERSION = 5.0;
				TARGETED_DEVICE_FAMILY = "1,2";
			};
			name = Debug;
		};
		E589229B2C33096E00DAC182 /* Release */ = {
			isa = XCBuildConfiguration;
			buildSettings = {
				ASSETCATALOG_COMPILER_APPICON_NAME = AppIcon;
				ASSETCATALOG_COMPILER_GLOBAL_ACCENT_COLOR_NAME = AccentColor;
				CODE_SIGN_STYLE = Automatic;
				CURRENT_PROJECT_VERSION = 1;
				GENERATE_INFOPLIST_FILE = YES;
				INFOPLIST_FILE = Navigation/Info.plist;
				INFOPLIST_KEY_UIApplicationSupportsIndirectInputEvents = YES;
				INFOPLIST_KEY_UILaunchStoryboardName = LaunchScreen;
				INFOPLIST_KEY_UIMainStoryboardFile = Main;
				INFOPLIST_KEY_UISupportedInterfaceOrientations_iPad = "UIInterfaceOrientationPortrait UIInterfaceOrientationPortraitUpsideDown UIInterfaceOrientationLandscapeLeft UIInterfaceOrientationLandscapeRight";
				INFOPLIST_KEY_UISupportedInterfaceOrientations_iPhone = "UIInterfaceOrientationPortrait UIInterfaceOrientationLandscapeLeft UIInterfaceOrientationLandscapeRight";
				LD_RUNPATH_SEARCH_PATHS = (
					"$(inherited)",
					"@executable_path/Frameworks",
				);
				MARKETING_VERSION = 1.0;
				PRODUCT_BUNDLE_IDENTIFIER = companyname.Navigation;
				PRODUCT_NAME = "$(TARGET_NAME)";
				SWIFT_EMIT_LOC_STRINGS = YES;
				SWIFT_VERSION = 5.0;
				TARGETED_DEVICE_FAMILY = "1,2";
			};
			name = Release;
		};
/* End XCBuildConfiguration section */

/* Begin XCConfigurationList section */
		E58922802C33096D00DAC182 /* Build configuration list for PBXProject "Navigation" */ = {
			isa = XCConfigurationList;
			buildConfigurations = (
				E58922972C33096E00DAC182 /* Debug */,
				E58922982C33096E00DAC182 /* Release */,
			);
			defaultConfigurationIsVisible = 0;
			defaultConfigurationName = Release;
		};
		E58922992C33096E00DAC182 /* Build configuration list for PBXNativeTarget "Navigation" */ = {
			isa = XCConfigurationList;
			buildConfigurations = (
				E589229A2C33096E00DAC182 /* Debug */,
				E589229B2C33096E00DAC182 /* Release */,
			);
			defaultConfigurationIsVisible = 0;
			defaultConfigurationName = Release;
		};
/* End XCConfigurationList section */
	};
	rootObject = E589227D2C33096D00DAC182 /* Project object */;
}
