// !$*UTF8*$!
{
	archiveVersion = 1;
	classes = {
	};
	objectVersion = 56;
	objects = {

/* Begin PBXBuildFile section */
		E52E6E922CA47E7200E3ED35 /* Till.xcdatamodeld in Sources */ = {isa = PBXBuildFile; fileRef = E52E6E902CA47E7200E3ED35 /* Till.xcdatamodeld */; };
		E55F88D02C7FA04100894415 /* AppDelegate.swift in Sources */ = {isa = PBXBuildFile; fileRef = E55F88CF2C7FA04100894415 /* AppDelegate.swift */; };
		E55F88D22C7FA04100894415 /* SceneDelegate.swift in Sources */ = {isa = PBXBuildFile; fileRef = E55F88D12C7FA04100894415 /* SceneDelegate.swift */; };
		E55F88D42C7FA04100894415 /* ViewController.swift in Sources */ = {isa = PBXBuildFile; fileRef = E55F88D32C7FA04100894415 /* ViewController.swift */; };
		E55F88D72C7FA04100894415 /* Main.storyboard in Resources */ = {isa = PBXBuildFile; fileRef = E55F88D52C7FA04100894415 /* Main.storyboard */; };
		E55F88D92C7FA04300894415 /* Assets.xcassets in Resources */ = {isa = PBXBuildFile; fileRef = E55F88D82C7FA04300894415 /* Assets.xcassets */; };
		E55F88DC2C7FA04300894415 /* LaunchScreen.storyboard in Resources */ = {isa = PBXBuildFile; fileRef = E55F88DA2C7FA04300894415 /* LaunchScreen.storyboard */; };
		E55F88E42C7FA0A300894415 /* Target.swift in Sources */ = {isa = PBXBuildFile; fileRef = E55F88E32C7FA0A300894415 /* Target.swift */; };
		E55F88E62C7FA0C000894415 /* Storage.swift in Sources */ = {isa = PBXBuildFile; fileRef = E55F88E52C7FA0C000894415 /* Storage.swift */; };
		E55F88E82C7FA12E00894415 /* TargetService.swift in Sources */ = {isa = PBXBuildFile; fileRef = E55F88E72C7FA12E00894415 /* TargetService.swift */; };
		E55F88EA2C7FA19A00894415 /* CreateTargetViewController.swift in Sources */ = {isa = PBXBuildFile; fileRef = E55F88E92C7FA19A00894415 /* CreateTargetViewController.swift */; };
		E55F88EC2C7FA8E700894415 /* TargetViewController.swift in Sources */ = {isa = PBXBuildFile; fileRef = E55F88EB2C7FA8E700894415 /* TargetViewController.swift */; };
		E574A0572CAB23BC00A296B1 /* RealmSwift in Frameworks */ = {isa = PBXBuildFile; productRef = E574A0562CAB23BC00A296B1 /* RealmSwift */; };
		E574A05A2CAB248B00A296B1 /* RealmTarget.swift in Sources */ = {isa = PBXBuildFile; fileRef = E574A0592CAB248B00A296B1 /* RealmTarget.swift */; };
		E574A05E2CADAB3800A296B1 /* AuthViewControllerSecurity.swift in Sources */ = {isa = PBXBuildFile; fileRef = E574A05D2CADAB3800A296B1 /* AuthViewControllerSecurity.swift */; };
		E574A0612CB4489C00A296B1 /* PlusOneViewController.swift in Sources */ = {isa = PBXBuildFile; fileRef = E574A0602CB4489C00A296B1 /* PlusOneViewController.swift */; };
		E574A0642CB4581200A296B1 /* PlusOneMVPViewController.swift in Sources */ = {isa = PBXBuildFile; fileRef = E574A0632CB4581200A296B1 /* PlusOneMVPViewController.swift */; };
		E574A0662CB4586C00A296B1 /* PlusOneMVPModel.swift in Sources */ = {isa = PBXBuildFile; fileRef = E574A0652CB4586C00A296B1 /* PlusOneMVPModel.swift */; };
		E574A0682CB4588300A296B1 /* PlusOneMVPPresenter.swift in Sources */ = {isa = PBXBuildFile; fileRef = E574A0672CB4588300A296B1 /* PlusOneMVPPresenter.swift */; };
		E574A06B2CB4619100A296B1 /* CreateTargetPresenter.swift in Sources */ = {isa = PBXBuildFile; fileRef = E574A06A2CB4619100A296B1 /* CreateTargetPresenter.swift */; };
		E574A06D2CB4619A00A296B1 /* CreateTargetInteractor.swift in Sources */ = {isa = PBXBuildFile; fileRef = E574A06C2CB4619A00A296B1 /* CreateTargetInteractor.swift */; };
		E574A06F2CB461A600A296B1 /* CreateTargetRouter.swift in Sources */ = {isa = PBXBuildFile; fileRef = E574A06E2CB461A600A296B1 /* CreateTargetRouter.swift */; };
		E59ABAC32CC01F6A00662C97 /* PlusOneMVPFactory.swift in Sources */ = {isa = PBXBuildFile; fileRef = E59ABAC22CC01F6A00662C97 /* PlusOneMVPFactory.swift */; };
		E5A6905D2CD0020600DA44B8 /* AuthViewController.swift in Sources */ = {isa = PBXBuildFile; fileRef = E5A690582CD0020600DA44B8 /* AuthViewController.swift */; };
		E5A6905E2CD0020600DA44B8 /* AuthFactory.swift in Sources */ = {isa = PBXBuildFile; fileRef = E5A690592CD0020600DA44B8 /* AuthFactory.swift */; };
		E5A6905F2CD0020600DA44B8 /* AuthNotificator.swift in Sources */ = {isa = PBXBuildFile; fileRef = E5A6905A2CD0020600DA44B8 /* AuthNotificator.swift */; };
		E5A690602CD0020600DA44B8 /* AuthService.swift in Sources */ = {isa = PBXBuildFile; fileRef = E5A6905B2CD0020600DA44B8 /* AuthService.swift */; };
		E5A690612CD0020600DA44B8 /* AuthValidatorService.swift in Sources */ = {isa = PBXBuildFile; fileRef = E5A6905C2CD0020600DA44B8 /* AuthValidatorService.swift */; };
		E5A690632CD0024C00DA44B8 /* ToggleSwitchControl.swift in Sources */ = {isa = PBXBuildFile; fileRef = E5A690622CD0024C00DA44B8 /* ToggleSwitchControl.swift */; };
		E5A690652CD0085700DA44B8 /* GoogleService-Info.plist in Resources */ = {isa = PBXBuildFile; fileRef = E5A690642CD0085700DA44B8 /* GoogleService-Info.plist */; };
		E5A690692CD00B8100DA44B8 /* FirebaseAnalytics in Frameworks */ = {isa = PBXBuildFile; productRef = E5A690682CD00B8100DA44B8 /* FirebaseAnalytics */; };
		E5A6906B2CD00B8100DA44B8 /* FirebaseAnalyticsOnDeviceConversion in Frameworks */ = {isa = PBXBuildFile; productRef = E5A6906A2CD00B8100DA44B8 /* FirebaseAnalyticsOnDeviceConversion */; };
		E5A6906D2CD00B8100DA44B8 /* FirebaseAnalyticsWithoutAdIdSupport in Frameworks */ = {isa = PBXBuildFile; productRef = E5A6906C2CD00B8100DA44B8 /* FirebaseAnalyticsWithoutAdIdSupport */; };
		E5A6906F2CD00B8100DA44B8 /* FirebaseAppCheck in Frameworks */ = {isa = PBXBuildFile; productRef = E5A6906E2CD00B8100DA44B8 /* FirebaseAppCheck */; };
		E5A690712CD00B8100DA44B8 /* FirebaseAppDistribution-Beta in Frameworks */ = {isa = PBXBuildFile; productRef = E5A690702CD00B8100DA44B8 /* FirebaseAppDistribution-Beta */; };
		E5A690732CD00B8100DA44B8 /* FirebaseAuth in Frameworks */ = {isa = PBXBuildFile; productRef = E5A690722CD00B8100DA44B8 /* FirebaseAuth */; };
		E5A690752CD00B8100DA44B8 /* FirebaseAuthCombine-Community in Frameworks */ = {isa = PBXBuildFile; productRef = E5A690742CD00B8100DA44B8 /* FirebaseAuthCombine-Community */; };
		E5A690772CD00B8100DA44B8 /* FirebaseCore in Frameworks */ = {isa = PBXBuildFile; productRef = E5A690762CD00B8100DA44B8 /* FirebaseCore */; };
		E5A690792CD00B8100DA44B8 /* FirebaseCrashlytics in Frameworks */ = {isa = PBXBuildFile; productRef = E5A690782CD00B8100DA44B8 /* FirebaseCrashlytics */; };
		E5A6907B2CD00B8100DA44B8 /* FirebaseDatabase in Frameworks */ = {isa = PBXBuildFile; productRef = E5A6907A2CD00B8100DA44B8 /* FirebaseDatabase */; };
		E5A6907D2CD00B8100DA44B8 /* FirebaseDynamicLinks in Frameworks */ = {isa = PBXBuildFile; productRef = E5A6907C2CD00B8100DA44B8 /* FirebaseDynamicLinks */; };
		E5A6907F2CD00B8100DA44B8 /* FirebaseFirestore in Frameworks */ = {isa = PBXBuildFile; productRef = E5A6907E2CD00B8100DA44B8 /* FirebaseFirestore */; };
		E5A690812CD00B8100DA44B8 /* FirebaseFirestoreCombine-Community in Frameworks */ = {isa = PBXBuildFile; productRef = E5A690802CD00B8100DA44B8 /* FirebaseFirestoreCombine-Community */; };
		E5A690832CD00B8100DA44B8 /* FirebaseFunctions in Frameworks */ = {isa = PBXBuildFile; productRef = E5A690822CD00B8100DA44B8 /* FirebaseFunctions */; };
		E5A690852CD00B8100DA44B8 /* FirebaseFunctionsCombine-Community in Frameworks */ = {isa = PBXBuildFile; productRef = E5A690842CD00B8100DA44B8 /* FirebaseFunctionsCombine-Community */; };
		E5A690872CD00B8100DA44B8 /* FirebaseInAppMessaging-Beta in Frameworks */ = {isa = PBXBuildFile; productRef = E5A690862CD00B8100DA44B8 /* FirebaseInAppMessaging-Beta */; };
		E5A690892CD00B8100DA44B8 /* FirebaseInstallations in Frameworks */ = {isa = PBXBuildFile; productRef = E5A690882CD00B8100DA44B8 /* FirebaseInstallations */; };
		E5A6908B2CD00B8100DA44B8 /* FirebaseMLModelDownloader in Frameworks */ = {isa = PBXBuildFile; productRef = E5A6908A2CD00B8100DA44B8 /* FirebaseMLModelDownloader */; };
		E5A6908D2CD00B8100DA44B8 /* FirebaseMessaging in Frameworks */ = {isa = PBXBuildFile; productRef = E5A6908C2CD00B8100DA44B8 /* FirebaseMessaging */; };
		E5A6908F2CD00B8100DA44B8 /* FirebasePerformance in Frameworks */ = {isa = PBXBuildFile; productRef = E5A6908E2CD00B8100DA44B8 /* FirebasePerformance */; };
		E5A690912CD00B8100DA44B8 /* FirebaseRemoteConfig in Frameworks */ = {isa = PBXBuildFile; productRef = E5A690902CD00B8100DA44B8 /* FirebaseRemoteConfig */; };
		E5A690932CD00B8100DA44B8 /* FirebaseStorage in Frameworks */ = {isa = PBXBuildFile; productRef = E5A690922CD00B8100DA44B8 /* FirebaseStorage */; };
		E5A690952CD00B8100DA44B8 /* FirebaseStorageCombine-Community in Frameworks */ = {isa = PBXBuildFile; productRef = E5A690942CD00B8100DA44B8 /* FirebaseStorageCombine-Community */; };
		E5A690972CD00B8100DA44B8 /* FirebaseVertexAI in Frameworks */ = {isa = PBXBuildFile; productRef = E5A690962CD00B8100DA44B8 /* FirebaseVertexAI */; };
		E5AB84CD2CC6B4C300AE8089 /* DeeplinksHandler.swift in Sources */ = {isa = PBXBuildFile; fileRef = E5AB84CC2CC6B4C300AE8089 /* DeeplinksHandler.swift */; };
		E5BEA4582CAB13C000DDC288 /* Note.swift in Sources */ = {isa = PBXBuildFile; fileRef = E5BEA4572CAB13C000DDC288 /* Note.swift */; };
/* End PBXBuildFile section */

/* Begin PBXFileReference section */
		E52E6E912CA47E7200E3ED35 /* Till.xcdatamodel */ = {isa = PBXFileReference; lastKnownFileType = wrapper.xcdatamodel; path = Till.xcdatamodel; sourceTree = "<group>"; };
		E55F88CC2C7FA04100894415 /* Tiil.app */ = {isa = PBXFileReference; explicitFileType = wrapper.application; includeInIndex = 0; path = Tiil.app; sourceTree = BUILT_PRODUCTS_DIR; };
		E55F88CF2C7FA04100894415 /* AppDelegate.swift */ = {isa = PBXFileReference; lastKnownFileType = sourcecode.swift; path = AppDelegate.swift; sourceTree = "<group>"; };
		E55F88D12C7FA04100894415 /* SceneDelegate.swift */ = {isa = PBXFileReference; lastKnownFileType = sourcecode.swift; path = SceneDelegate.swift; sourceTree = "<group>"; };
		E55F88D32C7FA04100894415 /* ViewController.swift */ = {isa = PBXFileReference; lastKnownFileType = sourcecode.swift; path = ViewController.swift; sourceTree = "<group>"; };
		E55F88D62C7FA04100894415 /* Base */ = {isa = PBXFileReference; lastKnownFileType = file.storyboard; name = Base; path = Base.lproj/Main.storyboard; sourceTree = "<group>"; };
		E55F88D82C7FA04300894415 /* Assets.xcassets */ = {isa = PBXFileReference; lastKnownFileType = folder.assetcatalog; path = Assets.xcassets; sourceTree = "<group>"; };
		E55F88DB2C7FA04300894415 /* Base */ = {isa = PBXFileReference; lastKnownFileType = file.storyboard; name = Base; path = Base.lproj/LaunchScreen.storyboard; sourceTree = "<group>"; };
		E55F88DD2C7FA04300894415 /* Info.plist */ = {isa = PBXFileReference; lastKnownFileType = text.plist.xml; path = Info.plist; sourceTree = "<group>"; };
		E55F88E32C7FA0A300894415 /* Target.swift */ = {isa = PBXFileReference; lastKnownFileType = sourcecode.swift; path = Target.swift; sourceTree = "<group>"; };
		E55F88E52C7FA0C000894415 /* Storage.swift */ = {isa = PBXFileReference; lastKnownFileType = sourcecode.swift; path = Storage.swift; sourceTree = "<group>"; };
		E55F88E72C7FA12E00894415 /* TargetService.swift */ = {isa = PBXFileReference; lastKnownFileType = sourcecode.swift; path = TargetService.swift; sourceTree = "<group>"; };
		E55F88E92C7FA19A00894415 /* CreateTargetViewController.swift */ = {isa = PBXFileReference; lastKnownFileType = sourcecode.swift; path = CreateTargetViewController.swift; sourceTree = "<group>"; };
		E55F88EB2C7FA8E700894415 /* TargetViewController.swift */ = {isa = PBXFileReference; lastKnownFileType = sourcecode.swift; path = TargetViewController.swift; sourceTree = "<group>"; };
		E574A0592CAB248B00A296B1 /* RealmTarget.swift */ = {isa = PBXFileReference; lastKnownFileType = sourcecode.swift; path = RealmTarget.swift; sourceTree = "<group>"; };
		E574A05D2CADAB3800A296B1 /* AuthViewControllerSecurity.swift */ = {isa = PBXFileReference; lastKnownFileType = sourcecode.swift; path = AuthViewControllerSecurity.swift; sourceTree = "<group>"; };
		E574A05F2CADCEA600A296B1 /* Tiil.entitlements */ = {isa = PBXFileReference; lastKnownFileType = text.plist.entitlements; path = Tiil.entitlements; sourceTree = "<group>"; };
		E574A0602CB4489C00A296B1 /* PlusOneViewController.swift */ = {isa = PBXFileReference; lastKnownFileType = sourcecode.swift; path = PlusOneViewController.swift; sourceTree = "<group>"; };
		E574A0632CB4581200A296B1 /* PlusOneMVPViewController.swift */ = {isa = PBXFileReference; lastKnownFileType = sourcecode.swift; path = PlusOneMVPViewController.swift; sourceTree = "<group>"; };
		E574A0652CB4586C00A296B1 /* PlusOneMVPModel.swift */ = {isa = PBXFileReference; lastKnownFileType = sourcecode.swift; path = PlusOneMVPModel.swift; sourceTree = "<group>"; };
		E574A0672CB4588300A296B1 /* PlusOneMVPPresenter.swift */ = {isa = PBXFileReference; lastKnownFileType = sourcecode.swift; path = PlusOneMVPPresenter.swift; sourceTree = "<group>"; };
		E574A06A2CB4619100A296B1 /* CreateTargetPresenter.swift */ = {isa = PBXFileReference; lastKnownFileType = sourcecode.swift; path = CreateTargetPresenter.swift; sourceTree = "<group>"; };
		E574A06C2CB4619A00A296B1 /* CreateTargetInteractor.swift */ = {isa = PBXFileReference; lastKnownFileType = sourcecode.swift; path = CreateTargetInteractor.swift; sourceTree = "<group>"; };
		E574A06E2CB461A600A296B1 /* CreateTargetRouter.swift */ = {isa = PBXFileReference; lastKnownFileType = sourcecode.swift; path = CreateTargetRouter.swift; sourceTree = "<group>"; };
		E59ABAC22CC01F6A00662C97 /* PlusOneMVPFactory.swift */ = {isa = PBXFileReference; lastKnownFileType = sourcecode.swift; path = PlusOneMVPFactory.swift; sourceTree = "<group>"; };
		E5A690582CD0020600DA44B8 /* AuthViewController.swift */ = {isa = PBXFileReference; fileEncoding = 4; lastKnownFileType = sourcecode.swift; path = AuthViewController.swift; sourceTree = "<group>"; };
		E5A690592CD0020600DA44B8 /* AuthFactory.swift */ = {isa = PBXFileReference; fileEncoding = 4; lastKnownFileType = sourcecode.swift; path = AuthFactory.swift; sourceTree = "<group>"; };
		E5A6905A2CD0020600DA44B8 /* AuthNotificator.swift */ = {isa = PBXFileReference; fileEncoding = 4; lastKnownFileType = sourcecode.swift; path = AuthNotificator.swift; sourceTree = "<group>"; };
		E5A6905B2CD0020600DA44B8 /* AuthService.swift */ = {isa = PBXFileReference; fileEncoding = 4; lastKnownFileType = sourcecode.swift; path = AuthService.swift; sourceTree = "<group>"; };
		E5A6905C2CD0020600DA44B8 /* AuthValidatorService.swift */ = {isa = PBXFileReference; fileEncoding = 4; lastKnownFileType = sourcecode.swift; path = AuthValidatorService.swift; sourceTree = "<group>"; };
		E5A690622CD0024C00DA44B8 /* ToggleSwitchControl.swift */ = {isa = PBXFileReference; lastKnownFileType = sourcecode.swift; path = ToggleSwitchControl.swift; sourceTree = "<group>"; };
		E5A690642CD0085700DA44B8 /* GoogleService-Info.plist */ = {isa = PBXFileReference; fileEncoding = 4; lastKnownFileType = text.plist.xml; path = "GoogleService-Info.plist"; sourceTree = "<group>"; };
		E5AB84CC2CC6B4C300AE8089 /* DeeplinksHandler.swift */ = {isa = PBXFileReference; lastKnownFileType = sourcecode.swift; path = DeeplinksHandler.swift; sourceTree = "<group>"; };
		E5BEA4572CAB13C000DDC288 /* Note.swift */ = {isa = PBXFileReference; lastKnownFileType = sourcecode.swift; path = Note.swift; sourceTree = "<group>"; };
/* End PBXFileReference section */

/* Begin PBXFrameworksBuildPhase section */
		E55F88C92C7FA04100894415 /* Frameworks */ = {
			isa = PBXFrameworksBuildPhase;
			buildActionMask = 2147483647;
			files = (
				E5A690692CD00B8100DA44B8 /* FirebaseAnalytics in Frameworks */,
				E5A6907F2CD00B8100DA44B8 /* FirebaseFirestore in Frameworks */,
				E5A6906B2CD00B8100DA44B8 /* FirebaseAnalyticsOnDeviceConversion in Frameworks */,
				E5A690892CD00B8100DA44B8 /* FirebaseInstallations in Frameworks */,
				E574A0572CAB23BC00A296B1 /* RealmSwift in Frameworks */,
				E5A6906F2CD00B8100DA44B8 /* FirebaseAppCheck in Frameworks */,
				E5A690872CD00B8100DA44B8 /* FirebaseInAppMessaging-Beta in Frameworks */,
				E5A6906D2CD00B8100DA44B8 /* FirebaseAnalyticsWithoutAdIdSupport in Frameworks */,
				E5A690732CD00B8100DA44B8 /* FirebaseAuth in Frameworks */,
				E5A690852CD00B8100DA44B8 /* FirebaseFunctionsCombine-Community in Frameworks */,
				E5A690952CD00B8100DA44B8 /* FirebaseStorageCombine-Community in Frameworks */,
				E5A690712CD00B8100DA44B8 /* FirebaseAppDistribution-Beta in Frameworks */,
				E5A690972CD00B8100DA44B8 /* FirebaseVertexAI in Frameworks */,
				E5A690932CD00B8100DA44B8 /* FirebaseStorage in Frameworks */,
				E5A690912CD00B8100DA44B8 /* FirebaseRemoteConfig in Frameworks */,
				E5A690792CD00B8100DA44B8 /* FirebaseCrashlytics in Frameworks */,
				E5A6908D2CD00B8100DA44B8 /* FirebaseMessaging in Frameworks */,
				E5A6908B2CD00B8100DA44B8 /* FirebaseMLModelDownloader in Frameworks */,
				E5A6908F2CD00B8100DA44B8 /* FirebasePerformance in Frameworks */,
				E5A6907B2CD00B8100DA44B8 /* FirebaseDatabase in Frameworks */,
				E5A690772CD00B8100DA44B8 /* FirebaseCore in Frameworks */,
				E5A690752CD00B8100DA44B8 /* FirebaseAuthCombine-Community in Frameworks */,
				E5A690832CD00B8100DA44B8 /* FirebaseFunctions in Frameworks */,
				E5A6907D2CD00B8100DA44B8 /* FirebaseDynamicLinks in Frameworks */,
				E5A690812CD00B8100DA44B8 /* FirebaseFirestoreCombine-Community in Frameworks */,
			);
			runOnlyForDeploymentPostprocessing = 0;
		};
/* End PBXFrameworksBuildPhase section */

/* Begin PBXGroup section */
		E55F88C32C7FA04100894415 = {
			isa = PBXGroup;
			children = (
				E55F88CE2C7FA04100894415 /* Tiil */,
				E55F88CD2C7FA04100894415 /* Products */,
			);
			sourceTree = "<group>";
		};
		E55F88CD2C7FA04100894415 /* Products */ = {
			isa = PBXGroup;
			children = (
				E55F88CC2C7FA04100894415 /* Tiil.app */,
			);
			name = Products;
			sourceTree = "<group>";
		};
		E55F88CE2C7FA04100894415 /* Tiil */ = {
			isa = PBXGroup;
			children = (
				E5A690572CD0020600DA44B8 /* AuthModule */,
				E574A0692CB4616C00A296B1 /* CreateTarget */,
				E574A0622CB4573700A296B1 /* PlusOneMVP */,
				E574A05F2CADCEA600A296B1 /* Tiil.entitlements */,
				E574A0582CAB248000A296B1 /* Realm */,
				E52E6E902CA47E7200E3ED35 /* Till.xcdatamodeld */,
				E55F88CF2C7FA04100894415 /* AppDelegate.swift */,
				E55F88D12C7FA04100894415 /* SceneDelegate.swift */,
				E55F88D32C7FA04100894415 /* ViewController.swift */,
				E55F88D52C7FA04100894415 /* Main.storyboard */,
				E55F88D82C7FA04300894415 /* Assets.xcassets */,
				E55F88DA2C7FA04300894415 /* LaunchScreen.storyboard */,
				E55F88DD2C7FA04300894415 /* Info.plist */,
				E55F88E32C7FA0A300894415 /* Target.swift */,
				E55F88E52C7FA0C000894415 /* Storage.swift */,
				E55F88E72C7FA12E00894415 /* TargetService.swift */,
				E55F88EB2C7FA8E700894415 /* TargetViewController.swift */,
				E5A690642CD0085700DA44B8 /* GoogleService-Info.plist */,
				E5BEA4572CAB13C000DDC288 /* Note.swift */,
				E574A05D2CADAB3800A296B1 /* AuthViewControllerSecurity.swift */,
				E574A0602CB4489C00A296B1 /* PlusOneViewController.swift */,
				E5AB84CC2CC6B4C300AE8089 /* DeeplinksHandler.swift */,
				E5A690622CD0024C00DA44B8 /* ToggleSwitchControl.swift */,
			);
			path = Tiil;
			sourceTree = "<group>";
		};
		E574A0582CAB248000A296B1 /* Realm */ = {
			isa = PBXGroup;
			children = (
				E574A0592CAB248B00A296B1 /* RealmTarget.swift */,
			);
			path = Realm;
			sourceTree = "<group>";
		};
		E574A0622CB4573700A296B1 /* PlusOneMVP */ = {
			isa = PBXGroup;
			children = (
				E574A0632CB4581200A296B1 /* PlusOneMVPViewController.swift */,
				E574A0652CB4586C00A296B1 /* PlusOneMVPModel.swift */,
				E574A0672CB4588300A296B1 /* PlusOneMVPPresenter.swift */,
				E59ABAC22CC01F6A00662C97 /* PlusOneMVPFactory.swift */,
			);
			path = PlusOneMVP;
			sourceTree = "<group>";
		};
		E574A0692CB4616C00A296B1 /* CreateTarget */ = {
			isa = PBXGroup;
			children = (
				E55F88E92C7FA19A00894415 /* CreateTargetViewController.swift */,
				E574A06A2CB4619100A296B1 /* CreateTargetPresenter.swift */,
				E574A06C2CB4619A00A296B1 /* CreateTargetInteractor.swift */,
				E574A06E2CB461A600A296B1 /* CreateTargetRouter.swift */,
			);
			path = CreateTarget;
			sourceTree = "<group>";
		};
		E5A690572CD0020600DA44B8 /* AuthModule */ = {
			isa = PBXGroup;
			children = (
				E5A690582CD0020600DA44B8 /* AuthViewController.swift */,
				E5A690592CD0020600DA44B8 /* AuthFactory.swift */,
				E5A6905A2CD0020600DA44B8 /* AuthNotificator.swift */,
				E5A6905B2CD0020600DA44B8 /* AuthService.swift */,
				E5A6905C2CD0020600DA44B8 /* AuthValidatorService.swift */,
			);
			path = AuthModule;
			sourceTree = "<group>";
		};
/* End PBXGroup section */

/* Begin PBXNativeTarget section */
		E55F88CB2C7FA04100894415 /* Tiil */ = {
			isa = PBXNativeTarget;
			buildConfigurationList = E55F88E02C7FA04300894415 /* Build configuration list for PBXNativeTarget "Tiil" */;
			buildPhases = (
				E55F88C82C7FA04100894415 /* Sources */,
				E55F88C92C7FA04100894415 /* Frameworks */,
				E55F88CA2C7FA04100894415 /* Resources */,
			);
			buildRules = (
			);
			dependencies = (
			);
			name = Tiil;
			packageProductDependencies = (
				E574A0562CAB23BC00A296B1 /* RealmSwift */,
				E5A690682CD00B8100DA44B8 /* FirebaseAnalytics */,
				E5A6906A2CD00B8100DA44B8 /* FirebaseAnalyticsOnDeviceConversion */,
				E5A6906C2CD00B8100DA44B8 /* FirebaseAnalyticsWithoutAdIdSupport */,
				E5A6906E2CD00B8100DA44B8 /* FirebaseAppCheck */,
				E5A690702CD00B8100DA44B8 /* FirebaseAppDistribution-Beta */,
				E5A690722CD00B8100DA44B8 /* FirebaseAuth */,
				E5A690742CD00B8100DA44B8 /* FirebaseAuthCombine-Community */,
				E5A690762CD00B8100DA44B8 /* FirebaseCore */,
				E5A690782CD00B8100DA44B8 /* FirebaseCrashlytics */,
				E5A6907A2CD00B8100DA44B8 /* FirebaseDatabase */,
				E5A6907C2CD00B8100DA44B8 /* FirebaseDynamicLinks */,
				E5A6907E2CD00B8100DA44B8 /* FirebaseFirestore */,
				E5A690802CD00B8100DA44B8 /* FirebaseFirestoreCombine-Community */,
				E5A690822CD00B8100DA44B8 /* FirebaseFunctions */,
				E5A690842CD00B8100DA44B8 /* FirebaseFunctionsCombine-Community */,
				E5A690862CD00B8100DA44B8 /* FirebaseInAppMessaging-Beta */,
				E5A690882CD00B8100DA44B8 /* FirebaseInstallations */,
				E5A6908A2CD00B8100DA44B8 /* FirebaseMLModelDownloader */,
				E5A6908C2CD00B8100DA44B8 /* FirebaseMessaging */,
				E5A6908E2CD00B8100DA44B8 /* FirebasePerformance */,
				E5A690902CD00B8100DA44B8 /* FirebaseRemoteConfig */,
				E5A690922CD00B8100DA44B8 /* FirebaseStorage */,
				E5A690942CD00B8100DA44B8 /* FirebaseStorageCombine-Community */,
				E5A690962CD00B8100DA44B8 /* FirebaseVertexAI */,
			);
			productName = Tiil;
			productReference = E55F88CC2C7FA04100894415 /* Tiil.app */;
			productType = "com.apple.product-type.application";
		};
/* End PBXNativeTarget section */

/* Begin PBXProject section */
		E55F88C42C7FA04100894415 /* Project object */ = {
			isa = PBXProject;
			attributes = {
				BuildIndependentTargetsInParallel = 1;
				LastSwiftUpdateCheck = 1500;
				LastUpgradeCheck = 1500;
				TargetAttributes = {
					E55F88CB2C7FA04100894415 = {
						CreatedOnToolsVersion = 15.0.1;
					};
				};
			};
			buildConfigurationList = E55F88C72C7FA04100894415 /* Build configuration list for PBXProject "Tiil" */;
			compatibilityVersion = "Xcode 14.0";
			developmentRegion = en;
			hasScannedForEncodings = 0;
			knownRegions = (
				en,
				Base,
			);
			mainGroup = E55F88C32C7FA04100894415;
			packageReferences = (
				E574A0552CAB23BC00A296B1 /* XCRemoteSwiftPackageReference "realm-swift" */,
				E5A690672CD00B8100DA44B8 /* XCRemoteSwiftPackageReference "firebase-ios-sdk" */,
			);
			productRefGroup = E55F88CD2C7FA04100894415 /* Products */;
			projectDirPath = "";
			projectRoot = "";
			targets = (
				E55F88CB2C7FA04100894415 /* Tiil */,
			);
		};
/* End PBXProject section */

/* Begin PBXResourcesBuildPhase section */
		E55F88CA2C7FA04100894415 /* Resources */ = {
			isa = PBXResourcesBuildPhase;
			buildActionMask = 2147483647;
			files = (
				E55F88DC2C7FA04300894415 /* LaunchScreen.storyboard in Resources */,
				E5A690652CD0085700DA44B8 /* GoogleService-Info.plist in Resources */,
				E55F88D92C7FA04300894415 /* Assets.xcassets in Resources */,
				E55F88D72C7FA04100894415 /* Main.storyboard in Resources */,
			);
			runOnlyForDeploymentPostprocessing = 0;
		};
/* End PBXResourcesBuildPhase section */

/* Begin PBXSourcesBuildPhase section */
		E55F88C82C7FA04100894415 /* Sources */ = {
			isa = PBXSourcesBuildPhase;
			buildActionMask = 2147483647;
			files = (
				E5A6905D2CD0020600DA44B8 /* AuthViewController.swift in Sources */,
				E55F88E82C7FA12E00894415 /* TargetService.swift in Sources */,
				E55F88D42C7FA04100894415 /* ViewController.swift in Sources */,
				E55F88D02C7FA04100894415 /* AppDelegate.swift in Sources */,
				E5A690632CD0024C00DA44B8 /* ToggleSwitchControl.swift in Sources */,
				E574A0662CB4586C00A296B1 /* PlusOneMVPModel.swift in Sources */,
				E574A0642CB4581200A296B1 /* PlusOneMVPViewController.swift in Sources */,
				E574A06D2CB4619A00A296B1 /* CreateTargetInteractor.swift in Sources */,
				E5A690602CD0020600DA44B8 /* AuthService.swift in Sources */,
				E574A0682CB4588300A296B1 /* PlusOneMVPPresenter.swift in Sources */,
				E55F88EC2C7FA8E700894415 /* TargetViewController.swift in Sources */,
				E574A05E2CADAB3800A296B1 /* AuthViewControllerSecurity.swift in Sources */,
				E5A6905E2CD0020600DA44B8 /* AuthFactory.swift in Sources */,
				E574A06B2CB4619100A296B1 /* CreateTargetPresenter.swift in Sources */,
				E574A05A2CAB248B00A296B1 /* RealmTarget.swift in Sources */,
				E55F88E42C7FA0A300894415 /* Target.swift in Sources */,
				E5BEA4582CAB13C000DDC288 /* Note.swift in Sources */,
				E55F88EA2C7FA19A00894415 /* CreateTargetViewController.swift in Sources */,
				E55F88D22C7FA04100894415 /* SceneDelegate.swift in Sources */,
				E59ABAC32CC01F6A00662C97 /* PlusOneMVPFactory.swift in Sources */,
				E55F88E62C7FA0C000894415 /* Storage.swift in Sources */,
				E5AB84CD2CC6B4C300AE8089 /* DeeplinksHandler.swift in Sources */,
				E5A6905F2CD0020600DA44B8 /* AuthNotificator.swift in Sources */,
				E574A0612CB4489C00A296B1 /* PlusOneViewController.swift in Sources */,
				E52E6E922CA47E7200E3ED35 /* Till.xcdatamodeld in Sources */,
				E5A690612CD0020600DA44B8 /* AuthValidatorService.swift in Sources */,
				E574A06F2CB461A600A296B1 /* CreateTargetRouter.swift in Sources */,
			);
			runOnlyForDeploymentPostprocessing = 0;
		};
/* End PBXSourcesBuildPhase section */

/* Begin PBXVariantGroup section */
		E55F88D52C7FA04100894415 /* Main.storyboard */ = {
			isa = PBXVariantGroup;
			children = (
				E55F88D62C7FA04100894415 /* Base */,
			);
			name = Main.storyboard;
			sourceTree = "<group>";
		};
		E55F88DA2C7FA04300894415 /* LaunchScreen.storyboard */ = {
			isa = PBXVariantGroup;
			children = (
				E55F88DB2C7FA04300894415 /* Base */,
			);
			name = LaunchScreen.storyboard;
			sourceTree = "<group>";
		};
/* End PBXVariantGroup section */

/* Begin XCBuildConfiguration section */
		E55F88DE2C7FA04300894415 /* Debug */ = {
			isa = XCBuildConfiguration;
			buildSettings = {
				ALWAYS_SEARCH_USER_PATHS = NO;
				ASSETCATALOG_COMPILER_GENERATE_SWIFT_ASSET_SYMBOL_EXTENSIONS = YES;
				CLANG_ANALYZER_NONNULL = YES;
				CLANG_ANALYZER_NUMBER_OBJECT_CONVERSION = YES_AGGRESSIVE;
				CLANG_CXX_LANGUAGE_STANDARD = "gnu++20";
				CLANG_ENABLE_MODULES = YES;
				CLANG_ENABLE_OBJC_ARC = YES;
				CLANG_ENABLE_OBJC_WEAK = YES;
				CLANG_WARN_BLOCK_CAPTURE_AUTORELEASING = YES;
				CLANG_WARN_BOOL_CONVERSION = YES;
				CLANG_WARN_COMMA = YES;
				CLANG_WARN_CONSTANT_CONVERSION = YES;
				CLANG_WARN_DEPRECATED_OBJC_IMPLEMENTATIONS = YES;
				CLANG_WARN_DIRECT_OBJC_ISA_USAGE = YES_ERROR;
				CLANG_WARN_DOCUMENTATION_COMMENTS = YES;
				CLANG_WARN_EMPTY_BODY = YES;
				CLANG_WARN_ENUM_CONVERSION = YES;
				CLANG_WARN_INFINITE_RECURSION = YES;
				CLANG_WARN_INT_CONVERSION = YES;
				CLANG_WARN_NON_LITERAL_NULL_CONVERSION = YES;
				CLANG_WARN_OBJC_IMPLICIT_RETAIN_SELF = YES;
				CLANG_WARN_OBJC_LITERAL_CONVERSION = YES;
				CLANG_WARN_OBJC_ROOT_CLASS = YES_ERROR;
				CLANG_WARN_QUOTED_INCLUDE_IN_FRAMEWORK_HEADER = YES;
				CLANG_WARN_RANGE_LOOP_ANALYSIS = YES;
				CLANG_WARN_STRICT_PROTOTYPES = YES;
				CLANG_WARN_SUSPICIOUS_MOVE = YES;
				CLANG_WARN_UNGUARDED_AVAILABILITY = YES_AGGRESSIVE;
				CLANG_WARN_UNREACHABLE_CODE = YES;
				CLANG_WARN__DUPLICATE_METHOD_MATCH = YES;
				COPY_PHASE_STRIP = NO;
				DEBUG_INFORMATION_FORMAT = dwarf;
				ENABLE_STRICT_OBJC_MSGSEND = YES;
				ENABLE_TESTABILITY = YES;
				ENABLE_USER_SCRIPT_SANDBOXING = YES;
				GCC_C_LANGUAGE_STANDARD = gnu17;
				GCC_DYNAMIC_NO_PIC = NO;
				GCC_NO_COMMON_BLOCKS = YES;
				GCC_OPTIMIZATION_LEVEL = 0;
				GCC_PREPROCESSOR_DEFINITIONS = (
					"DEBUG=1",
					"$(inherited)",
				);
				GCC_WARN_64_TO_32_BIT_CONVERSION = YES;
				GCC_WARN_ABOUT_RETURN_TYPE = YES_ERROR;
				GCC_WARN_UNDECLARED_SELECTOR = YES;
				GCC_WARN_UNINITIALIZED_AUTOS = YES_AGGRESSIVE;
				GCC_WARN_UNUSED_FUNCTION = YES;
				GCC_WARN_UNUSED_VARIABLE = YES;
				IPHONEOS_DEPLOYMENT_TARGET = 17.0;
				LOCALIZATION_PREFERS_STRING_CATALOGS = YES;
				MTL_ENABLE_DEBUG_INFO = INCLUDE_SOURCE;
				MTL_FAST_MATH = YES;
				ONLY_ACTIVE_ARCH = YES;
				SDKROOT = iphoneos;
				SWIFT_ACTIVE_COMPILATION_CONDITIONS = "DEBUG $(inherited)";
				SWIFT_OPTIMIZATION_LEVEL = "-Onone";
			};
			name = Debug;
		};
		E55F88DF2C7FA04300894415 /* Release */ = {
			isa = XCBuildConfiguration;
			buildSettings = {
				ALWAYS_SEARCH_USER_PATHS = NO;
				ASSETCATALOG_COMPILER_GENERATE_SWIFT_ASSET_SYMBOL_EXTENSIONS = YES;
				CLANG_ANALYZER_NONNULL = YES;
				CLANG_ANALYZER_NUMBER_OBJECT_CONVERSION = YES_AGGRESSIVE;
				CLANG_CXX_LANGUAGE_STANDARD = "gnu++20";
				CLANG_ENABLE_MODULES = YES;
				CLANG_ENABLE_OBJC_ARC = YES;
				CLANG_ENABLE_OBJC_WEAK = YES;
				CLANG_WARN_BLOCK_CAPTURE_AUTORELEASING = YES;
				CLANG_WARN_BOOL_CONVERSION = YES;
				CLANG_WARN_COMMA = YES;
				CLANG_WARN_CONSTANT_CONVERSION = YES;
				CLANG_WARN_DEPRECATED_OBJC_IMPLEMENTATIONS = YES;
				CLANG_WARN_DIRECT_OBJC_ISA_USAGE = YES_ERROR;
				CLANG_WARN_DOCUMENTATION_COMMENTS = YES;
				CLANG_WARN_EMPTY_BODY = YES;
				CLANG_WARN_ENUM_CONVERSION = YES;
				CLANG_WARN_INFINITE_RECURSION = YES;
				CLANG_WARN_INT_CONVERSION = YES;
				CLANG_WARN_NON_LITERAL_NULL_CONVERSION = YES;
				CLANG_WARN_OBJC_IMPLICIT_RETAIN_SELF = YES;
				CLANG_WARN_OBJC_LITERAL_CONVERSION = YES;
				CLANG_WARN_OBJC_ROOT_CLASS = YES_ERROR;
				CLANG_WARN_QUOTED_INCLUDE_IN_FRAMEWORK_HEADER = YES;
				CLANG_WARN_RANGE_LOOP_ANALYSIS = YES;
				CLANG_WARN_STRICT_PROTOTYPES = YES;
				CLANG_WARN_SUSPICIOUS_MOVE = YES;
				CLANG_WARN_UNGUARDED_AVAILABILITY = YES_AGGRESSIVE;
				CLANG_WARN_UNREACHABLE_CODE = YES;
				CLANG_WARN__DUPLICATE_METHOD_MATCH = YES;
				COPY_PHASE_STRIP = NO;
				DEBUG_INFORMATION_FORMAT = "dwarf-with-dsym";
				ENABLE_NS_ASSERTIONS = NO;
				ENABLE_STRICT_OBJC_MSGSEND = YES;
				ENABLE_USER_SCRIPT_SANDBOXING = YES;
				GCC_C_LANGUAGE_STANDARD = gnu17;
				GCC_NO_COMMON_BLOCKS = YES;
				GCC_WARN_64_TO_32_BIT_CONVERSION = YES;
				GCC_WARN_ABOUT_RETURN_TYPE = YES_ERROR;
				GCC_WARN_UNDECLARED_SELECTOR = YES;
				GCC_WARN_UNINITIALIZED_AUTOS = YES_AGGRESSIVE;
				GCC_WARN_UNUSED_FUNCTION = YES;
				GCC_WARN_UNUSED_VARIABLE = YES;
				IPHONEOS_DEPLOYMENT_TARGET = 17.0;
				LOCALIZATION_PREFERS_STRING_CATALOGS = YES;
				MTL_ENABLE_DEBUG_INFO = NO;
				MTL_FAST_MATH = YES;
				SDKROOT = iphoneos;
				SWIFT_COMPILATION_MODE = wholemodule;
				VALIDATE_PRODUCT = YES;
			};
			name = Release;
		};
		E55F88E12C7FA04300894415 /* Debug */ = {
			isa = XCBuildConfiguration;
			buildSettings = {
				ASSETCATALOG_COMPILER_APPICON_NAME = AppIcon;
				ASSETCATALOG_COMPILER_GLOBAL_ACCENT_COLOR_NAME = AccentColor;
				CODE_SIGN_ENTITLEMENTS = Tiil/Tiil.entitlements;
				CODE_SIGN_STYLE = Automatic;
				CURRENT_PROJECT_VERSION = 1;
				GENERATE_INFOPLIST_FILE = YES;
				INFOPLIST_FILE = Tiil/Info.plist;
				INFOPLIST_KEY_UIApplicationSupportsIndirectInputEvents = YES;
				INFOPLIST_KEY_UILaunchStoryboardName = LaunchScreen;
				INFOPLIST_KEY_UIMainStoryboardFile = Main;
				INFOPLIST_KEY_UISupportedInterfaceOrientations_iPad = "UIInterfaceOrientationPortrait UIInterfaceOrientationPortraitUpsideDown UIInterfaceOrientationLandscapeLeft UIInterfaceOrientationLandscapeRight";
				INFOPLIST_KEY_UISupportedInterfaceOrientations_iPhone = "UIInterfaceOrientationPortrait UIInterfaceOrientationLandscapeLeft UIInterfaceOrientationLandscapeRight";
				LD_RUNPATH_SEARCH_PATHS = (
					"$(inherited)",
					"@executable_path/Frameworks",
				);
				MARKETING_VERSION = 1.0;
				PRODUCT_BUNDLE_IDENTIFIER = companyname.Tiil;
				PRODUCT_NAME = "$(TARGET_NAME)";
				SWIFT_EMIT_LOC_STRINGS = YES;
				SWIFT_VERSION = 5.0;
				TARGETED_DEVICE_FAMILY = "1,2";
			};
			name = Debug;
		};
		E55F88E22C7FA04300894415 /* Release */ = {
			isa = XCBuildConfiguration;
			buildSettings = {
				ASSETCATALOG_COMPILER_APPICON_NAME = AppIcon;
				ASSETCATALOG_COMPILER_GLOBAL_ACCENT_COLOR_NAME = AccentColor;
				CODE_SIGN_ENTITLEMENTS = Tiil/Tiil.entitlements;
				CODE_SIGN_STYLE = Automatic;
				CURRENT_PROJECT_VERSION = 1;
				GENERATE_INFOPLIST_FILE = YES;
				INFOPLIST_FILE = Tiil/Info.plist;
				INFOPLIST_KEY_UIApplicationSupportsIndirectInputEvents = YES;
				INFOPLIST_KEY_UILaunchStoryboardName = LaunchScreen;
				INFOPLIST_KEY_UIMainStoryboardFile = Main;
				INFOPLIST_KEY_UISupportedInterfaceOrientations_iPad = "UIInterfaceOrientationPortrait UIInterfaceOrientationPortraitUpsideDown UIInterfaceOrientationLandscapeLeft UIInterfaceOrientationLandscapeRight";
				INFOPLIST_KEY_UISupportedInterfaceOrientations_iPhone = "UIInterfaceOrientationPortrait UIInterfaceOrientationLandscapeLeft UIInterfaceOrientationLandscapeRight";
				LD_RUNPATH_SEARCH_PATHS = (
					"$(inherited)",
					"@executable_path/Frameworks",
				);
				MARKETING_VERSION = 1.0;
				PRODUCT_BUNDLE_IDENTIFIER = companyname.Tiil;
				PRODUCT_NAME = "$(TARGET_NAME)";
				SWIFT_EMIT_LOC_STRINGS = YES;
				SWIFT_VERSION = 5.0;
				TARGETED_DEVICE_FAMILY = "1,2";
			};
			name = Release;
		};
/* End XCBuildConfiguration section */

/* Begin XCConfigurationList section */
		E55F88C72C7FA04100894415 /* Build configuration list for PBXProject "Tiil" */ = {
			isa = XCConfigurationList;
			buildConfigurations = (
				E55F88DE2C7FA04300894415 /* Debug */,
				E55F88DF2C7FA04300894415 /* Release */,
			);
			defaultConfigurationIsVisible = 0;
			defaultConfigurationName = Release;
		};
		E55F88E02C7FA04300894415 /* Build configuration list for PBXNativeTarget "Tiil" */ = {
			isa = XCConfigurationList;
			buildConfigurations = (
				E55F88E12C7FA04300894415 /* Debug */,
				E55F88E22C7FA04300894415 /* Release */,
			);
			defaultConfigurationIsVisible = 0;
			defaultConfigurationName = Release;
		};
/* End XCConfigurationList section */

/* Begin XCRemoteSwiftPackageReference section */
		E574A0552CAB23BC00A296B1 /* XCRemoteSwiftPackageReference "realm-swift" */ = {
			isa = XCRemoteSwiftPackageReference;
			repositoryURL = "https://github.com/realm/realm-swift.git";
			requirement = {
				kind = exactVersion;
				version = 10.49.3;
			};
		};
		E5A690672CD00B8100DA44B8 /* XCRemoteSwiftPackageReference "firebase-ios-sdk" */ = {
			isa = XCRemoteSwiftPackageReference;
			repositoryURL = "https://github.com/firebase/firebase-ios-sdk";
			requirement = {
				kind = upToNextMajorVersion;
				minimumVersion = 11.4.0;
			};
		};
/* End XCRemoteSwiftPackageReference section */

/* Begin XCSwiftPackageProductDependency section */
		E574A0562CAB23BC00A296B1 /* RealmSwift */ = {
			isa = XCSwiftPackageProductDependency;
			package = E574A0552CAB23BC00A296B1 /* XCRemoteSwiftPackageReference "realm-swift" */;
			productName = RealmSwift;
		};
		E5A690682CD00B8100DA44B8 /* FirebaseAnalytics */ = {
			isa = XCSwiftPackageProductDependency;
			package = E5A690672CD00B8100DA44B8 /* XCRemoteSwiftPackageReference "firebase-ios-sdk" */;
			productName = FirebaseAnalytics;
		};
		E5A6906A2CD00B8100DA44B8 /* FirebaseAnalyticsOnDeviceConversion */ = {
			isa = XCSwiftPackageProductDependency;
			package = E5A690672CD00B8100DA44B8 /* XCRemoteSwiftPackageReference "firebase-ios-sdk" */;
			productName = FirebaseAnalyticsOnDeviceConversion;
		};
		E5A6906C2CD00B8100DA44B8 /* FirebaseAnalyticsWithoutAdIdSupport */ = {
			isa = XCSwiftPackageProductDependency;
			package = E5A690672CD00B8100DA44B8 /* XCRemoteSwiftPackageReference "firebase-ios-sdk" */;
			productName = FirebaseAnalyticsWithoutAdIdSupport;
		};
		E5A6906E2CD00B8100DA44B8 /* FirebaseAppCheck */ = {
			isa = XCSwiftPackageProductDependency;
			package = E5A690672CD00B8100DA44B8 /* XCRemoteSwiftPackageReference "firebase-ios-sdk" */;
			productName = FirebaseAppCheck;
		};
		E5A690702CD00B8100DA44B8 /* FirebaseAppDistribution-Beta */ = {
			isa = XCSwiftPackageProductDependency;
			package = E5A690672CD00B8100DA44B8 /* XCRemoteSwiftPackageReference "firebase-ios-sdk" */;
			productName = "FirebaseAppDistribution-Beta";
		};
		E5A690722CD00B8100DA44B8 /* FirebaseAuth */ = {
			isa = XCSwiftPackageProductDependency;
			package = E5A690672CD00B8100DA44B8 /* XCRemoteSwiftPackageReference "firebase-ios-sdk" */;
			productName = FirebaseAuth;
		};
		E5A690742CD00B8100DA44B8 /* FirebaseAuthCombine-Community */ = {
			isa = XCSwiftPackageProductDependency;
			package = E5A690672CD00B8100DA44B8 /* XCRemoteSwiftPackageReference "firebase-ios-sdk" */;
			productName = "FirebaseAuthCombine-Community";
		};
		E5A690762CD00B8100DA44B8 /* FirebaseCore */ = {
			isa = XCSwiftPackageProductDependency;
			package = E5A690672CD00B8100DA44B8 /* XCRemoteSwiftPackageReference "firebase-ios-sdk" */;
			productName = FirebaseCore;
		};
		E5A690782CD00B8100DA44B8 /* FirebaseCrashlytics */ = {
			isa = XCSwiftPackageProductDependency;
			package = E5A690672CD00B8100DA44B8 /* XCRemoteSwiftPackageReference "firebase-ios-sdk" */;
			productName = FirebaseCrashlytics;
		};
		E5A6907A2CD00B8100DA44B8 /* FirebaseDatabase */ = {
			isa = XCSwiftPackageProductDependency;
			package = E5A690672CD00B8100DA44B8 /* XCRemoteSwiftPackageReference "firebase-ios-sdk" */;
			productName = FirebaseDatabase;
		};
		E5A6907C2CD00B8100DA44B8 /* FirebaseDynamicLinks */ = {
			isa = XCSwiftPackageProductDependency;
			package = E5A690672CD00B8100DA44B8 /* XCRemoteSwiftPackageReference "firebase-ios-sdk" */;
			productName = FirebaseDynamicLinks;
		};
		E5A6907E2CD00B8100DA44B8 /* FirebaseFirestore */ = {
			isa = XCSwiftPackageProductDependency;
			package = E5A690672CD00B8100DA44B8 /* XCRemoteSwiftPackageReference "firebase-ios-sdk" */;
			productName = FirebaseFirestore;
		};
		E5A690802CD00B8100DA44B8 /* FirebaseFirestoreCombine-Community */ = {
			isa = XCSwiftPackageProductDependency;
			package = E5A690672CD00B8100DA44B8 /* XCRemoteSwiftPackageReference "firebase-ios-sdk" */;
			productName = "FirebaseFirestoreCombine-Community";
		};
		E5A690822CD00B8100DA44B8 /* FirebaseFunctions */ = {
			isa = XCSwiftPackageProductDependency;
			package = E5A690672CD00B8100DA44B8 /* XCRemoteSwiftPackageReference "firebase-ios-sdk" */;
			productName = FirebaseFunctions;
		};
		E5A690842CD00B8100DA44B8 /* FirebaseFunctionsCombine-Community */ = {
			isa = XCSwiftPackageProductDependency;
			package = E5A690672CD00B8100DA44B8 /* XCRemoteSwiftPackageReference "firebase-ios-sdk" */;
			productName = "FirebaseFunctionsCombine-Community";
		};
		E5A690862CD00B8100DA44B8 /* FirebaseInAppMessaging-Beta */ = {
			isa = XCSwiftPackageProductDependency;
			package = E5A690672CD00B8100DA44B8 /* XCRemoteSwiftPackageReference "firebase-ios-sdk" */;
			productName = "FirebaseInAppMessaging-Beta";
		};
		E5A690882CD00B8100DA44B8 /* FirebaseInstallations */ = {
			isa = XCSwiftPackageProductDependency;
			package = E5A690672CD00B8100DA44B8 /* XCRemoteSwiftPackageReference "firebase-ios-sdk" */;
			productName = FirebaseInstallations;
		};
		E5A6908A2CD00B8100DA44B8 /* FirebaseMLModelDownloader */ = {
			isa = XCSwiftPackageProductDependency;
			package = E5A690672CD00B8100DA44B8 /* XCRemoteSwiftPackageReference "firebase-ios-sdk" */;
			productName = FirebaseMLModelDownloader;
		};
		E5A6908C2CD00B8100DA44B8 /* FirebaseMessaging */ = {
			isa = XCSwiftPackageProductDependency;
			package = E5A690672CD00B8100DA44B8 /* XCRemoteSwiftPackageReference "firebase-ios-sdk" */;
			productName = FirebaseMessaging;
		};
		E5A6908E2CD00B8100DA44B8 /* FirebasePerformance */ = {
			isa = XCSwiftPackageProductDependency;
			package = E5A690672CD00B8100DA44B8 /* XCRemoteSwiftPackageReference "firebase-ios-sdk" */;
			productName = FirebasePerformance;
		};
		E5A690902CD00B8100DA44B8 /* FirebaseRemoteConfig */ = {
			isa = XCSwiftPackageProductDependency;
			package = E5A690672CD00B8100DA44B8 /* XCRemoteSwiftPackageReference "firebase-ios-sdk" */;
			productName = FirebaseRemoteConfig;
		};
		E5A690922CD00B8100DA44B8 /* FirebaseStorage */ = {
			isa = XCSwiftPackageProductDependency;
			package = E5A690672CD00B8100DA44B8 /* XCRemoteSwiftPackageReference "firebase-ios-sdk" */;
			productName = FirebaseStorage;
		};
		E5A690942CD00B8100DA44B8 /* FirebaseStorageCombine-Community */ = {
			isa = XCSwiftPackageProductDependency;
			package = E5A690672CD00B8100DA44B8 /* XCRemoteSwiftPackageReference "firebase-ios-sdk" */;
			productName = "FirebaseStorageCombine-Community";
		};
		E5A690962CD00B8100DA44B8 /* FirebaseVertexAI */ = {
			isa = XCSwiftPackageProductDependency;
			package = E5A690672CD00B8100DA44B8 /* XCRemoteSwiftPackageReference "firebase-ios-sdk" */;
			productName = FirebaseVertexAI;
		};
/* End XCSwiftPackageProductDependency section */

/* Begin XCVersionGroup section */
		E52E6E902CA47E7200E3ED35 /* Till.xcdatamodeld */ = {
			isa = XCVersionGroup;
			children = (
				E52E6E912CA47E7200E3ED35 /* Till.xcdatamodel */,
			);
			currentVersion = E52E6E912CA47E7200E3ED35 /* Till.xcdatamodel */;
			path = Till.xcdatamodeld;
			sourceTree = "<group>";
			versionGroupType = wrapper.xcdatamodel;
		};
/* End XCVersionGroup section */
	};
	rootObject = E55F88C42C7FA04100894415 /* Project object */;
}
