// !$*UTF8*$!
{
	archiveVersion = 1;
	classes = {
	};
	objectVersion = 56;
	objects = {

/* Begin PBXBuildFile section */
		E50CB8D82CEBBA940094EDC4 /* QuizGameView.swift in Sources */ = {isa = PBXBuildFile; fileRef = E50CB8D72CEBBA940094EDC4 /* QuizGameView.swift */; };
		E5332FE82CE50A8500250212 /* Example.swift in Sources */ = {isa = PBXBuildFile; fileRef = E5332FE72CE50A8500250212 /* Example.swift */; };
		E5332FEA2CE51DEB00250212 /* CreateQuizView.swift in Sources */ = {isa = PBXBuildFile; fileRef = E5332FE92CE51DEB00250212 /* CreateQuizView.swift */; };
		E53C72E12CEBB59200565D40 /* QuizView.swift in Sources */ = {isa = PBXBuildFile; fileRef = E53C72E02CEBB59200565D40 /* QuizView.swift */; };
		E55803E52CEE5A0A00F58258 /* Student.swift in Sources */ = {isa = PBXBuildFile; fileRef = E55803E42CEE5A0A00F58258 /* Student.swift */; };
		E55803E72CEE634F00F58258 /* QuizSettingsView.swift in Sources */ = {isa = PBXBuildFile; fileRef = E55803E62CEE634F00F58258 /* QuizSettingsView.swift */; };
		E5605E8C2CE26F9B00B683DD /* QuizApp.swift in Sources */ = {isa = PBXBuildFile; fileRef = E5605E8B2CE26F9B00B683DD /* QuizApp.swift */; };
		E5605E8E2CE26F9B00B683DD /* ContentView.swift in Sources */ = {isa = PBXBuildFile; fileRef = E5605E8D2CE26F9B00B683DD /* ContentView.swift */; };
		E5605E902CE26F9C00B683DD /* Assets.xcassets in Resources */ = {isa = PBXBuildFile; fileRef = E5605E8F2CE26F9C00B683DD /* Assets.xcassets */; };
		E5605E932CE26F9C00B683DD /* Preview Assets.xcassets in Resources */ = {isa = PBXBuildFile; fileRef = E5605E922CE26F9C00B683DD /* Preview Assets.xcassets */; };
		E5605E9A2CE27C5A00B683DD /* QuestionForm.swift in Sources */ = {isa = PBXBuildFile; fileRef = E5605E992CE27C5A00B683DD /* QuestionForm.swift */; };
		E5605E9C2CE28A0A00B683DD /* Storage.swift in Sources */ = {isa = PBXBuildFile; fileRef = E5605E9B2CE28A0A00B683DD /* Storage.swift */; };
		E5605E9E2CE28DEB00B683DD /* QuizList.swift in Sources */ = {isa = PBXBuildFile; fileRef = E5605E9D2CE28DEB00B683DD /* QuizList.swift */; };
		E5AEE5192CF795B800ABCF6D /* Color+Extension.swift in Sources */ = {isa = PBXBuildFile; fileRef = E5AEE5182CF795B800ABCF6D /* Color+Extension.swift */; };
		E5DAD0CB2CEBA53C00D0F32C /* PlusMinusView.swift in Sources */ = {isa = PBXBuildFile; fileRef = E5DAD0CA2CEBA53C00D0F32C /* PlusMinusView.swift */; };
/* End PBXBuildFile section */

/* Begin PBXFileReference section */
		E50CB8D72CEBBA940094EDC4 /* QuizGameView.swift */ = {isa = PBXFileReference; lastKnownFileType = sourcecode.swift; path = QuizGameView.swift; sourceTree = "<group>"; };
		E5332FE72CE50A8500250212 /* Example.swift */ = {isa = PBXFileReference; lastKnownFileType = sourcecode.swift; path = Example.swift; sourceTree = "<group>"; };
		E5332FE92CE51DEB00250212 /* CreateQuizView.swift */ = {isa = PBXFileReference; lastKnownFileType = sourcecode.swift; path = CreateQuizView.swift; sourceTree = "<group>"; };
		E53C72E02CEBB59200565D40 /* QuizView.swift */ = {isa = PBXFileReference; lastKnownFileType = sourcecode.swift; path = QuizView.swift; sourceTree = "<group>"; };
		E55803E42CEE5A0A00F58258 /* Student.swift */ = {isa = PBXFileReference; lastKnownFileType = sourcecode.swift; path = Student.swift; sourceTree = "<group>"; };
		E55803E62CEE634F00F58258 /* QuizSettingsView.swift */ = {isa = PBXFileReference; lastKnownFileType = sourcecode.swift; path = QuizSettingsView.swift; sourceTree = "<group>"; };
		E5605E882CE26F9B00B683DD /* Quiz.app */ = {isa = PBXFileReference; explicitFileType = wrapper.application; includeInIndex = 0; path = Quiz.app; sourceTree = BUILT_PRODUCTS_DIR; };
		E5605E8B2CE26F9B00B683DD /* QuizApp.swift */ = {isa = PBXFileReference; lastKnownFileType = sourcecode.swift; path = QuizApp.swift; sourceTree = "<group>"; };
		E5605E8D2CE26F9B00B683DD /* ContentView.swift */ = {isa = PBXFileReference; lastKnownFileType = sourcecode.swift; path = ContentView.swift; sourceTree = "<group>"; };
		E5605E8F2CE26F9C00B683DD /* Assets.xcassets */ = {isa = PBXFileReference; lastKnownFileType = folder.assetcatalog; path = Assets.xcassets; sourceTree = "<group>"; };
		E5605E922CE26F9C00B683DD /* Preview Assets.xcassets */ = {isa = PBXFileReference; lastKnownFileType = folder.assetcatalog; path = "Preview Assets.xcassets"; sourceTree = "<group>"; };
		E5605E992CE27C5A00B683DD /* QuestionForm.swift */ = {isa = PBXFileReference; lastKnownFileType = sourcecode.swift; path = QuestionForm.swift; sourceTree = "<group>"; };
		E5605E9B2CE28A0A00B683DD /* Storage.swift */ = {isa = PBXFileReference; lastKnownFileType = sourcecode.swift; path = Storage.swift; sourceTree = "<group>"; };
		E5605E9D2CE28DEB00B683DD /* QuizList.swift */ = {isa = PBXFileReference; lastKnownFileType = sourcecode.swift; path = QuizList.swift; sourceTree = "<group>"; };
		E5AEE5182CF795B800ABCF6D /* Color+Extension.swift */ = {isa = PBXFileReference; lastKnownFileType = sourcecode.swift; path = "Color+Extension.swift"; sourceTree = "<group>"; };
		E5DAD0CA2CEBA53C00D0F32C /* PlusMinusView.swift */ = {isa = PBXFileReference; lastKnownFileType = sourcecode.swift; path = PlusMinusView.swift; sourceTree = "<group>"; };
/* End PBXFileReference section */

/* Begin PBXFrameworksBuildPhase section */
		E5605E852CE26F9B00B683DD /* Frameworks */ = {
			isa = PBXFrameworksBuildPhase;
			buildActionMask = 2147483647;
			files = (
			);
			runOnlyForDeploymentPostprocessing = 0;
		};
/* End PBXFrameworksBuildPhase section */

/* Begin PBXGroup section */
		E5605E7F2CE26F9B00B683DD = {
			isa = PBXGroup;
			children = (
				E55803E42CEE5A0A00F58258 /* Student.swift */,
				E5DAD0CA2CEBA53C00D0F32C /* PlusMinusView.swift */,
				E5332FE72CE50A8500250212 /* Example.swift */,
				E5605E8A2CE26F9B00B683DD /* Quiz */,
				E5605E892CE26F9B00B683DD /* Products */,
			);
			sourceTree = "<group>";
		};
		E5605E892CE26F9B00B683DD /* Products */ = {
			isa = PBXGroup;
			children = (
				E5605E882CE26F9B00B683DD /* Quiz.app */,
			);
			name = Products;
			sourceTree = "<group>";
		};
		E5605E8A2CE26F9B00B683DD /* Quiz */ = {
			isa = PBXGroup;
			children = (
				E5605E9B2CE28A0A00B683DD /* Storage.swift */,
				E5605E8B2CE26F9B00B683DD /* QuizApp.swift */,
				E5605E8D2CE26F9B00B683DD /* ContentView.swift */,
				E5605E8F2CE26F9C00B683DD /* Assets.xcassets */,
				E5605E912CE26F9C00B683DD /* Preview Content */,
				E5605E992CE27C5A00B683DD /* QuestionForm.swift */,
				E5332FE92CE51DEB00250212 /* CreateQuizView.swift */,
				E5605E9D2CE28DEB00B683DD /* QuizList.swift */,
				E53C72E02CEBB59200565D40 /* QuizView.swift */,
				E50CB8D72CEBBA940094EDC4 /* QuizGameView.swift */,
				E55803E62CEE634F00F58258 /* QuizSettingsView.swift */,
				E5AEE5182CF795B800ABCF6D /* Color+Extension.swift */,
			);
			path = Quiz;
			sourceTree = "<group>";
		};
		E5605E912CE26F9C00B683DD /* Preview Content */ = {
			isa = PBXGroup;
			children = (
				E5605E922CE26F9C00B683DD /* Preview Assets.xcassets */,
			);
			path = "Preview Content";
			sourceTree = "<group>";
		};
/* End PBXGroup section */

/* Begin PBXNativeTarget section */
		E5605E872CE26F9B00B683DD /* Quiz */ = {
			isa = PBXNativeTarget;
			buildConfigurationList = E5605E962CE26F9C00B683DD /* Build configuration list for PBXNativeTarget "Quiz" */;
			buildPhases = (
				E5605E842CE26F9B00B683DD /* Sources */,
				E5605E852CE26F9B00B683DD /* Frameworks */,
				E5605E862CE26F9B00B683DD /* Resources */,
			);
			buildRules = (
			);
			dependencies = (
			);
			name = Quiz;
			productName = Quiz;
			productReference = E5605E882CE26F9B00B683DD /* Quiz.app */;
			productType = "com.apple.product-type.application";
		};
/* End PBXNativeTarget section */

/* Begin PBXProject section */
		E5605E802CE26F9B00B683DD /* Project object */ = {
			isa = PBXProject;
			attributes = {
				BuildIndependentTargetsInParallel = 1;
				LastSwiftUpdateCheck = 1500;
				LastUpgradeCheck = 1500;
				TargetAttributes = {
					E5605E872CE26F9B00B683DD = {
						CreatedOnToolsVersion = 15.0.1;
					};
				};
			};
			buildConfigurationList = E5605E832CE26F9B00B683DD /* Build configuration list for PBXProject "Quiz" */;
			compatibilityVersion = "Xcode 14.0";
			developmentRegion = en;
			hasScannedForEncodings = 0;
			knownRegions = (
				en,
				Base,
			);
			mainGroup = E5605E7F2CE26F9B00B683DD;
			productRefGroup = E5605E892CE26F9B00B683DD /* Products */;
			projectDirPath = "";
			projectRoot = "";
			targets = (
				E5605E872CE26F9B00B683DD /* Quiz */,
			);
		};
/* End PBXProject section */

/* Begin PBXResourcesBuildPhase section */
		E5605E862CE26F9B00B683DD /* Resources */ = {
			isa = PBXResourcesBuildPhase;
			buildActionMask = 2147483647;
			files = (
				E5605E932CE26F9C00B683DD /* Preview Assets.xcassets in Resources */,
				E5605E902CE26F9C00B683DD /* Assets.xcassets in Resources */,
			);
			runOnlyForDeploymentPostprocessing = 0;
		};
/* End PBXResourcesBuildPhase section */

/* Begin PBXSourcesBuildPhase section */
		E5605E842CE26F9B00B683DD /* Sources */ = {
			isa = PBXSourcesBuildPhase;
			buildActionMask = 2147483647;
			files = (
				E5605E9E2CE28DEB00B683DD /* QuizList.swift in Sources */,
				E5DAD0CB2CEBA53C00D0F32C /* PlusMinusView.swift in Sources */,
				E55803E72CEE634F00F58258 /* QuizSettingsView.swift in Sources */,
				E53C72E12CEBB59200565D40 /* QuizView.swift in Sources */,
				E55803E52CEE5A0A00F58258 /* Student.swift in Sources */,
				E5605E9A2CE27C5A00B683DD /* QuestionForm.swift in Sources */,
				E5332FE82CE50A8500250212 /* Example.swift in Sources */,
				E50CB8D82CEBBA940094EDC4 /* QuizGameView.swift in Sources */,
				E5605E9C2CE28A0A00B683DD /* Storage.swift in Sources */,
				E5605E8E2CE26F9B00B683DD /* ContentView.swift in Sources */,
				E5AEE5192CF795B800ABCF6D /* Color+Extension.swift in Sources */,
				E5332FEA2CE51DEB00250212 /* CreateQuizView.swift in Sources */,
				E5605E8C2CE26F9B00B683DD /* QuizApp.swift in Sources */,
			);
			runOnlyForDeploymentPostprocessing = 0;
		};
/* End PBXSourcesBuildPhase section */

/* Begin XCBuildConfiguration section */
		E5605E942CE26F9C00B683DD /* Debug */ = {
			isa = XCBuildConfiguration;
			buildSettings = {
				ALWAYS_SEARCH_USER_PATHS = NO;
				ASSETCATALOG_COMPILER_GENERATE_SWIFT_ASSET_SYMBOL_EXTENSIONS = YES;
				CLANG_ANALYZER_NONNULL = YES;
				CLANG_ANALYZER_NUMBER_OBJECT_CONVERSION = YES_AGGRESSIVE;
				CLANG_CXX_LANGUAGE_STANDARD = "gnu++20";
				CLANG_ENABLE_MODULES = YES;
				CLANG_ENABLE_OBJC_ARC = YES;
				CLANG_ENABLE_OBJC_WEAK = YES;
				CLANG_WARN_BLOCK_CAPTURE_AUTORELEASING = YES;
				CLANG_WARN_BOOL_CONVERSION = YES;
				CLANG_WARN_COMMA = YES;
				CLANG_WARN_CONSTANT_CONVERSION = YES;
				CLANG_WARN_DEPRECATED_OBJC_IMPLEMENTATIONS = YES;
				CLANG_WARN_DIRECT_OBJC_ISA_USAGE = YES_ERROR;
				CLANG_WARN_DOCUMENTATION_COMMENTS = YES;
				CLANG_WARN_EMPTY_BODY = YES;
				CLANG_WARN_ENUM_CONVERSION = YES;
				CLANG_WARN_INFINITE_RECURSION = YES;
				CLANG_WARN_INT_CONVERSION = YES;
				CLANG_WARN_NON_LITERAL_NULL_CONVERSION = YES;
				CLANG_WARN_OBJC_IMPLICIT_RETAIN_SELF = YES;
				CLANG_WARN_OBJC_LITERAL_CONVERSION = YES;
				CLANG_WARN_OBJC_ROOT_CLASS = YES_ERROR;
				CLANG_WARN_QUOTED_INCLUDE_IN_FRAMEWORK_HEADER = YES;
				CLANG_WARN_RANGE_LOOP_ANALYSIS = YES;
				CLANG_WARN_STRICT_PROTOTYPES = YES;
				CLANG_WARN_SUSPICIOUS_MOVE = YES;
				CLANG_WARN_UNGUARDED_AVAILABILITY = YES_AGGRESSIVE;
				CLANG_WARN_UNREACHABLE_CODE = YES;
				CLANG_WARN__DUPLICATE_METHOD_MATCH = YES;
				COPY_PHASE_STRIP = NO;
				DEBUG_INFORMATION_FORMAT = dwarf;
				ENABLE_STRICT_OBJC_MSGSEND = YES;
				ENABLE_TESTABILITY = YES;
				ENABLE_USER_SCRIPT_SANDBOXING = YES;
				GCC_C_LANGUAGE_STANDARD = gnu17;
				GCC_DYNAMIC_NO_PIC = NO;
				GCC_NO_COMMON_BLOCKS = YES;
				GCC_OPTIMIZATION_LEVEL = 0;
				GCC_PREPROCESSOR_DEFINITIONS = (
					"DEBUG=1",
					"$(inherited)",
				);
				GCC_WARN_64_TO_32_BIT_CONVERSION = YES;
				GCC_WARN_ABOUT_RETURN_TYPE = YES_ERROR;
				GCC_WARN_UNDECLARED_SELECTOR = YES;
				GCC_WARN_UNINITIALIZED_AUTOS = YES_AGGRESSIVE;
				GCC_WARN_UNUSED_FUNCTION = YES;
				GCC_WARN_UNUSED_VARIABLE = YES;
				IPHONEOS_DEPLOYMENT_TARGET = 17.0;
				LOCALIZATION_PREFERS_STRING_CATALOGS = YES;
				MTL_ENABLE_DEBUG_INFO = INCLUDE_SOURCE;
				MTL_FAST_MATH = YES;
				ONLY_ACTIVE_ARCH = YES;
				SDKROOT = iphoneos;
				SWIFT_ACTIVE_COMPILATION_CONDITIONS = "DEBUG $(inherited)";
				SWIFT_OPTIMIZATION_LEVEL = "-Onone";
			};
			name = Debug;
		};
		E5605E952CE26F9C00B683DD /* Release */ = {
			isa = XCBuildConfiguration;
			buildSettings = {
				ALWAYS_SEARCH_USER_PATHS = NO;
				ASSETCATALOG_COMPILER_GENERATE_SWIFT_ASSET_SYMBOL_EXTENSIONS = YES;
				CLANG_ANALYZER_NONNULL = YES;
				CLANG_ANALYZER_NUMBER_OBJECT_CONVERSION = YES_AGGRESSIVE;
				CLANG_CXX_LANGUAGE_STANDARD = "gnu++20";
				CLANG_ENABLE_MODULES = YES;
				CLANG_ENABLE_OBJC_ARC = YES;
				CLANG_ENABLE_OBJC_WEAK = YES;
				CLANG_WARN_BLOCK_CAPTURE_AUTORELEASING = YES;
				CLANG_WARN_BOOL_CONVERSION = YES;
				CLANG_WARN_COMMA = YES;
				CLANG_WARN_CONSTANT_CONVERSION = YES;
				CLANG_WARN_DEPRECATED_OBJC_IMPLEMENTATIONS = YES;
				CLANG_WARN_DIRECT_OBJC_ISA_USAGE = YES_ERROR;
				CLANG_WARN_DOCUMENTATION_COMMENTS = YES;
				CLANG_WARN_EMPTY_BODY = YES;
				CLANG_WARN_ENUM_CONVERSION = YES;
				CLANG_WARN_INFINITE_RECURSION = YES;
				CLANG_WARN_INT_CONVERSION = YES;
				CLANG_WARN_NON_LITERAL_NULL_CONVERSION = YES;
				CLANG_WARN_OBJC_IMPLICIT_RETAIN_SELF = YES;
				CLANG_WARN_OBJC_LITERAL_CONVERSION = YES;
				CLANG_WARN_OBJC_ROOT_CLASS = YES_ERROR;
				CLANG_WARN_QUOTED_INCLUDE_IN_FRAMEWORK_HEADER = YES;
				CLANG_WARN_RANGE_LOOP_ANALYSIS = YES;
				CLANG_WARN_STRICT_PROTOTYPES = YES;
				CLANG_WARN_SUSPICIOUS_MOVE = YES;
				CLANG_WARN_UNGUARDED_AVAILABILITY = YES_AGGRESSIVE;
				CLANG_WARN_UNREACHABLE_CODE = YES;
				CLANG_WARN__DUPLICATE_METHOD_MATCH = YES;
				COPY_PHASE_STRIP = NO;
				DEBUG_INFORMATION_FORMAT = "dwarf-with-dsym";
				ENABLE_NS_ASSERTIONS = NO;
				ENABLE_STRICT_OBJC_MSGSEND = YES;
				ENABLE_USER_SCRIPT_SANDBOXING = YES;
				GCC_C_LANGUAGE_STANDARD = gnu17;
				GCC_NO_COMMON_BLOCKS = YES;
				GCC_WARN_64_TO_32_BIT_CONVERSION = YES;
				GCC_WARN_ABOUT_RETURN_TYPE = YES_ERROR;
				GCC_WARN_UNDECLARED_SELECTOR = YES;
				GCC_WARN_UNINITIALIZED_AUTOS = YES_AGGRESSIVE;
				GCC_WARN_UNUSED_FUNCTION = YES;
				GCC_WARN_UNUSED_VARIABLE = YES;
				IPHONEOS_DEPLOYMENT_TARGET = 17.0;
				LOCALIZATION_PREFERS_STRING_CATALOGS = YES;
				MTL_ENABLE_DEBUG_INFO = NO;
				MTL_FAST_MATH = YES;
				SDKROOT = iphoneos;
				SWIFT_COMPILATION_MODE = wholemodule;
				VALIDATE_PRODUCT = YES;
			};
			name = Release;
		};
		E5605E972CE26F9C00B683DD /* Debug */ = {
			isa = XCBuildConfiguration;
			buildSettings = {
				ASSETCATALOG_COMPILER_APPICON_NAME = AppIcon;
				ASSETCATALOG_COMPILER_GLOBAL_ACCENT_COLOR_NAME = AccentColor;
				CODE_SIGN_STYLE = Automatic;
				CURRENT_PROJECT_VERSION = 1;
				DEVELOPMENT_ASSET_PATHS = "\"Quiz/Preview Content\"";
				ENABLE_PREVIEWS = YES;
				GENERATE_INFOPLIST_FILE = YES;
				INFOPLIST_KEY_UIApplicationSceneManifest_Generation = YES;
				INFOPLIST_KEY_UIApplicationSupportsIndirectInputEvents = YES;
				INFOPLIST_KEY_UILaunchScreen_Generation = YES;
				INFOPLIST_KEY_UISupportedInterfaceOrientations_iPad = "UIInterfaceOrientationPortrait UIInterfaceOrientationPortraitUpsideDown UIInterfaceOrientationLandscapeLeft UIInterfaceOrientationLandscapeRight";
				INFOPLIST_KEY_UISupportedInterfaceOrientations_iPhone = "UIInterfaceOrientationPortrait UIInterfaceOrientationLandscapeLeft UIInterfaceOrientationLandscapeRight";
				LD_RUNPATH_SEARCH_PATHS = (
					"$(inherited)",
					"@executable_path/Frameworks",
				);
				MARKETING_VERSION = 1.0;
				PRODUCT_BUNDLE_IDENTIFIER = companyname.Quiz;
				PRODUCT_NAME = "$(TARGET_NAME)";
				SWIFT_EMIT_LOC_STRINGS = YES;
				SWIFT_VERSION = 5.0;
				TARGETED_DEVICE_FAMILY = "1,2";
			};
			name = Debug;
		};
		E5605E982CE26F9C00B683DD /* Release */ = {
			isa = XCBuildConfiguration;
			buildSettings = {
				ASSETCATALOG_COMPILER_APPICON_NAME = AppIcon;
				ASSETCATALOG_COMPILER_GLOBAL_ACCENT_COLOR_NAME = AccentColor;
				CODE_SIGN_STYLE = Automatic;
				CURRENT_PROJECT_VERSION = 1;
				DEVELOPMENT_ASSET_PATHS = "\"Quiz/Preview Content\"";
				ENABLE_PREVIEWS = YES;
				GENERATE_INFOPLIST_FILE = YES;
				INFOPLIST_KEY_UIApplicationSceneManifest_Generation = YES;
				INFOPLIST_KEY_UIApplicationSupportsIndirectInputEvents = YES;
				INFOPLIST_KEY_UILaunchScreen_Generation = YES;
				INFOPLIST_KEY_UISupportedInterfaceOrientations_iPad = "UIInterfaceOrientationPortrait UIInterfaceOrientationPortraitUpsideDown UIInterfaceOrientationLandscapeLeft UIInterfaceOrientationLandscapeRight";
				INFOPLIST_KEY_UISupportedInterfaceOrientations_iPhone = "UIInterfaceOrientationPortrait UIInterfaceOrientationLandscapeLeft UIInterfaceOrientationLandscapeRight";
				LD_RUNPATH_SEARCH_PATHS = (
					"$(inherited)",
					"@executable_path/Frameworks",
				);
				MARKETING_VERSION = 1.0;
				PRODUCT_BUNDLE_IDENTIFIER = companyname.Quiz;
				PRODUCT_NAME = "$(TARGET_NAME)";
				SWIFT_EMIT_LOC_STRINGS = YES;
				SWIFT_VERSION = 5.0;
				TARGETED_DEVICE_FAMILY = "1,2";
			};
			name = Release;
		};
/* End XCBuildConfiguration section */

/* Begin XCConfigurationList section */
		E5605E832CE26F9B00B683DD /* Build configuration list for PBXProject "Quiz" */ = {
			isa = XCConfigurationList;
			buildConfigurations = (
				E5605E942CE26F9C00B683DD /* Debug */,
				E5605E952CE26F9C00B683DD /* Release */,
			);
			defaultConfigurationIsVisible = 0;
			defaultConfigurationName = Release;
		};
		E5605E962CE26F9C00B683DD /* Build configuration list for PBXNativeTarget "Quiz" */ = {
			isa = XCConfigurationList;
			buildConfigurations = (
				E5605E972CE26F9C00B683DD /* Debug */,
				E5605E982CE26F9C00B683DD /* Release */,
			);
			defaultConfigurationIsVisible = 0;
			defaultConfigurationName = Release;
		};
/* End XCConfigurationList section */
	};
	rootObject = E5605E802CE26F9B00B683DD /* Project object */;
}
